
Microsoft Visual Studio Solution File, Format Version 12.00
# Visual Studio 15
VisualStudioVersion = 15.0.26730.16
MinimumVisualStudioVersion = 10.0.40219.1
Project("{FAE04EC0-301F-11D3-BF4B-00C04F79EFBC}") = "TestForListview.Android", "TestForListview\TestForListview.Android\TestForListview.Android.csproj", "{3C4B0638-4F04-4703-9F24-7DB90A9E66DC}"
EndProject
Project("{FAE04EC0-301F-11D3-BF4B-00C04F79EFBC}") = "TestForListview", "TestForListview\TestForListview\TestForListview.csproj", "{57452FC3-26BA-41F5-82E1-ADC3C49B5A62}"
EndProject
Project("{FAE04EC0-301F-11D3-BF4B-00C04F79EFBC}") = "TestForListview.UWP", "TestForListview\TestForListview.UWP\TestForListview.UWP.csproj", "{DF509CD8-6A2D-4322-95F9-67DB40928D46}"
EndProject
Project("{FAE04EC0-301F-11D3-BF4B-00C04F79EFBC}") = "TestForListview.iOS", "TestForListview\TestForListview.iOS\TestForListview.iOS.csproj", "{35F90525-7C8F-4EF5-B830-040E10D41C89}"
EndProject
Global
	GlobalSection(SolutionConfigurationPlatforms) = preSolution
		Ad-Hoc|Any CPU = Ad-Hoc|Any CPU
		Ad-Hoc|ARM = Ad-Hoc|ARM
		Ad-Hoc|iPhone = Ad-Hoc|iPhone
		Ad-Hoc|iPhoneSimulator = Ad-Hoc|iPhoneSimulator
		Ad-Hoc|x64 = Ad-Hoc|x64
		Ad-Hoc|x86 = Ad-Hoc|x86
		AppStore|Any CPU = AppStore|Any CPU
		AppStore|ARM = AppStore|ARM
		AppStore|iPhone = AppStore|iPhone
		AppStore|iPhoneSimulator = AppStore|iPhoneSimulator
		AppStore|x64 = AppStore|x64
		AppStore|x86 = AppStore|x86
		Debug|Any CPU = Debug|Any CPU
		Debug|ARM = Debug|ARM
		Debug|iPhone = Debug|iPhone
		Debug|iPhoneSimulator = Debug|iPhoneSimulator
		Debug|x64 = Debug|x64
		Debug|x86 = Debug|x86
		Release|Any CPU = Release|Any CPU
		Release|ARM = Release|ARM
		Release|iPhone = Release|iPhone
		Release|iPhoneSimulator = Release|iPhoneSimulator
		Release|x64 = Release|x64
		Release|x86 = Release|x86
	EndGlobalSection
	GlobalSection(ProjectConfigurationPlatforms) = postSolution
		{3C4B0638-4F04-4703-9F24-7DB90A9E66DC}.Ad-Hoc|Any CPU.ActiveCfg = Release|Any CPU
		{3C4B0638-4F04-4703-9F24-7DB90A9E66DC}.Ad-Hoc|Any CPU.Build.0 = Release|Any CPU
		{3C4B0638-4F04-4703-9F24-7DB90A9E66DC}.Ad-Hoc|Any CPU.Deploy.0 = Release|Any CPU
		{3C4B0638-4F04-4703-9F24-7DB90A9E66DC}.Ad-Hoc|ARM.ActiveCfg = Release|Any CPU
		{3C4B0638-4F04-4703-9F24-7DB90A9E66DC}.Ad-Hoc|ARM.Build.0 = Release|Any CPU
		{3C4B0638-4F04-4703-9F24-7DB90A9E66DC}.Ad-Hoc|ARM.Deploy.0 = Release|Any CPU
		{3C4B0638-4F04-4703-9F24-7DB90A9E66DC}.Ad-Hoc|iPhone.ActiveCfg = Release|Any CPU
		{3C4B0638-4F04-4703-9F24-7DB90A9E66DC}.Ad-Hoc|iPhone.Build.0 = Release|Any CPU
		{3C4B0638-4F04-4703-9F24-7DB90A9E66DC}.Ad-Hoc|iPhone.Deploy.0 = Release|Any CPU
		{3C4B0638-4F04-4703-9F24-7DB90A9E66DC}.Ad-Hoc|iPhoneSimulator.ActiveCfg = Release|Any CPU
		{3C4B0638-4F04-4703-9F24-7DB90A9E66DC}.Ad-Hoc|iPhoneSimulator.Build.0 = Release|Any CPU
		{3C4B0638-4F04-4703-9F24-7DB90A9E66DC}.Ad-Hoc|iPhoneSimulator.Deploy.0 = Release|Any CPU
		{3C4B0638-4F04-4703-9F24-7DB90A9E66DC}.Ad-Hoc|x64.ActiveCfg = Release|Any CPU
		{3C4B0638-4F04-4703-9F24-7DB90A9E66DC}.Ad-Hoc|x64.Build.0 = Release|Any CPU
		{3C4B0638-4F04-4703-9F24-7DB90A9E66DC}.Ad-Hoc|x64.Deploy.0 = Release|Any CPU
		{3C4B0638-4F04-4703-9F24-7DB90A9E66DC}.Ad-Hoc|x86.ActiveCfg = Release|Any CPU
		{3C4B0638-4F04-4703-9F24-7DB90A9E66DC}.Ad-Hoc|x86.Build.0 = Release|Any CPU
		{3C4B0638-4F04-4703-9F24-7DB90A9E66DC}.Ad-Hoc|x86.Deploy.0 = Release|Any CPU
		{3C4B0638-4F04-4703-9F24-7DB90A9E66DC}.AppStore|Any CPU.ActiveCfg = Release|Any CPU
		{3C4B0638-4F04-4703-9F24-7DB90A9E66DC}.AppStore|Any CPU.Build.0 = Release|Any CPU
		{3C4B0638-4F04-4703-9F24-7DB90A9E66DC}.AppStore|Any CPU.Deploy.0 = Release|Any CPU
		{3C4B0638-4F04-4703-9F24-7DB90A9E66DC}.AppStore|ARM.ActiveCfg = Release|Any CPU
		{3C4B0638-4F04-4703-9F24-7DB90A9E66DC}.AppStore|ARM.Build.0 = Release|Any CPU
		{3C4B0638-4F04-4703-9F24-7DB90A9E66DC}.AppStore|ARM.Deploy.0 = Release|Any CPU
		{3C4B0638-4F04-4703-9F24-7DB90A9E66DC}.AppStore|iPhone.ActiveCfg = Release|Any CPU
		{3C4B0638-4F04-4703-9F24-7DB90A9E66DC}.AppStore|iPhone.Build.0 = Release|Any CPU
		{3C4B0638-4F04-4703-9F24-7DB90A9E66DC}.AppStore|iPhone.Deploy.0 = Release|Any CPU
		{3C4B0638-4F04-4703-9F24-7DB90A9E66DC}.AppStore|iPhoneSimulator.ActiveCfg = Release|Any CPU
		{3C4B0638-4F04-4703-9F24-7DB90A9E66DC}.AppStore|iPhoneSimulator.Build.0 = Release|Any CPU
		{3C4B0638-4F04-4703-9F24-7DB90A9E66DC}.AppStore|iPhoneSimulator.Deploy.0 = Release|Any CPU
		{3C4B0638-4F04-4703-9F24-7DB90A9E66DC}.AppStore|x64.ActiveCfg = Release|Any CPU
		{3C4B0638-4F04-4703-9F24-7DB90A9E66DC}.AppStore|x64.Build.0 = Release|Any CPU
		{3C4B0638-4F04-4703-9F24-7DB90A9E66DC}.AppStore|x64.Deploy.0 = Release|Any CPU
		{3C4B0638-4F04-4703-9F24-7DB90A9E66DC}.AppStore|x86.ActiveCfg = Release|Any CPU
		{3C4B0638-4F04-4703-9F24-7DB90A9E66DC}.AppStore|x86.Build.0 = Release|Any CPU
		{3C4B0638-4F04-4703-9F24-7DB90A9E66DC}.AppStore|x86.Deploy.0 = Release|Any CPU
		{3C4B0638-4F04-4703-9F24-7DB90A9E66DC}.Debug|Any CPU.ActiveCfg = Debug|Any CPU
		{3C4B0638-4F04-4703-9F24-7DB90A9E66DC}.Debug|Any CPU.Build.0 = Debug|Any CPU
		{3C4B0638-4F04-4703-9F24-7DB90A9E66DC}.Debug|Any CPU.Deploy.0 = Debug|Any CPU
		{3C4B0638-4F04-4703-9F24-7DB90A9E66DC}.Debug|ARM.ActiveCfg = Debug|Any CPU
		{3C4B0638-4F04-4703-9F24-7DB90A9E66DC}.Debug|ARM.Build.0 = Debug|Any CPU
		{3C4B0638-4F04-4703-9F24-7DB90A9E66DC}.Debug|ARM.Deploy.0 = Debug|Any CPU
		{3C4B0638-4F04-4703-9F24-7DB90A9E66DC}.Debug|iPhone.ActiveCfg = Debug|Any CPU
		{3C4B0638-4F04-4703-9F24-7DB90A9E66DC}.Debug|iPhone.Build.0 = Debug|Any CPU
		{3C4B0638-4F04-4703-9F24-7DB90A9E66DC}.Debug|iPhone.Deploy.0 = Debug|Any CPU
		{3C4B0638-4F04-4703-9F24-7DB90A9E66DC}.Debug|iPhoneSimulator.ActiveCfg = Debug|Any CPU
		{3C4B0638-4F04-4703-9F24-7DB90A9E66DC}.Debug|iPhoneSimulator.Build.0 = Debug|Any CPU
		{3C4B0638-4F04-4703-9F24-7DB90A9E66DC}.Debug|iPhoneSimulator.Deploy.0 = Debug|Any CPU
		{3C4B0638-4F04-4703-9F24-7DB90A9E66DC}.Debug|x64.ActiveCfg = Debug|Any CPU
		{3C4B0638-4F04-4703-9F24-7DB90A9E66DC}.Debug|x64.Build.0 = Debug|Any CPU
		{3C4B0638-4F04-4703-9F24-7DB90A9E66DC}.Debug|x64.Deploy.0 = Debug|Any CPU
		{3C4B0638-4F04-4703-9F24-7DB90A9E66DC}.Debug|x86.ActiveCfg = Debug|Any CPU
		{3C4B0638-4F04-4703-9F24-7DB90A9E66DC}.Debug|x86.Build.0 = Debug|Any CPU
		{3C4B0638-4F04-4703-9F24-7DB90A9E66DC}.Debug|x86.Deploy.0 = Debug|Any CPU
		{3C4B0638-4F04-4703-9F24-7DB90A9E66DC}.Release|Any CPU.ActiveCfg = Release|Any CPU
		{3C4B0638-4F04-4703-9F24-7DB90A9E66DC}.Release|Any CPU.Build.0 = Release|Any CPU
		{3C4B0638-4F04-4703-9F24-7DB90A9E66DC}.Release|Any CPU.Deploy.0 = Release|Any CPU
		{3C4B0638-4F04-4703-9F24-7DB90A9E66DC}.Release|ARM.ActiveCfg = Release|Any CPU
		{3C4B0638-4F04-4703-9F24-7DB90A9E66DC}.Release|ARM.Build.0 = Release|Any CPU
		{3C4B0638-4F04-4703-9F24-7DB90A9E66DC}.Release|ARM.Deploy.0 = Release|Any CPU
		{3C4B0638-4F04-4703-9F24-7DB90A9E66DC}.Release|iPhone.ActiveCfg = Release|Any CPU
		{3C4B0638-4F04-4703-9F24-7DB90A9E66DC}.Release|iPhone.Build.0 = Release|Any CPU
		{3C4B0638-4F04-4703-9F24-7DB90A9E66DC}.Release|iPhone.Deploy.0 = Release|Any CPU
		{3C4B0638-4F04-4703-9F24-7DB90A9E66DC}.Release|iPhoneSimulator.ActiveCfg = Release|Any CPU
		{3C4B0638-4F04-4703-9F24-7DB90A9E66DC}.Release|iPhoneSimulator.Build.0 = Release|Any CPU
		{3C4B0638-4F04-4703-9F24-7DB90A9E66DC}.Release|iPhoneSimulator.Deploy.0 = Release|Any CPU
		{3C4B0638-4F04-4703-9F24-7DB90A9E66DC}.Release|x64.ActiveCfg = Release|Any CPU
		{3C4B0638-4F04-4703-9F24-7DB90A9E66DC}.Release|x64.Build.0 = Release|Any CPU
		{3C4B0638-4F04-4703-9F24-7DB90A9E66DC}.Release|x64.Deploy.0 = Release|Any CPU
		{3C4B0638-4F04-4703-9F24-7DB90A9E66DC}.Release|x86.ActiveCfg = Release|Any CPU
		{3C4B0638-4F04-4703-9F24-7DB90A9E66DC}.Release|x86.Build.0 = Release|Any CPU
		{3C4B0638-4F04-4703-9F24-7DB90A9E66DC}.Release|x86.Deploy.0 = Release|Any CPU
		{57452FC3-26BA-41F5-82E1-ADC3C49B5A62}.Ad-Hoc|Any CPU.ActiveCfg = Release|Any CPU
		{57452FC3-26BA-41F5-82E1-ADC3C49B5A62}.Ad-Hoc|Any CPU.Build.0 = Release|Any CPU
		{57452FC3-26BA-41F5-82E1-ADC3C49B5A62}.Ad-Hoc|ARM.ActiveCfg = Release|Any CPU
		{57452FC3-26BA-41F5-82E1-ADC3C49B5A62}.Ad-Hoc|ARM.Build.0 = Release|Any CPU
		{57452FC3-26BA-41F5-82E1-ADC3C49B5A62}.Ad-Hoc|iPhone.ActiveCfg = Release|Any CPU
		{57452FC3-26BA-41F5-82E1-ADC3C49B5A62}.Ad-Hoc|iPhone.Build.0 = Release|Any CPU
		{57452FC3-26BA-41F5-82E1-ADC3C49B5A62}.Ad-Hoc|iPhoneSimulator.ActiveCfg = Release|Any CPU
		{57452FC3-26BA-41F5-82E1-ADC3C49B5A62}.Ad-Hoc|iPhoneSimulator.Build.0 = Release|Any CPU
		{57452FC3-26BA-41F5-82E1-ADC3C49B5A62}.Ad-Hoc|x64.ActiveCfg = Release|Any CPU
		{57452FC3-26BA-41F5-82E1-ADC3C49B5A62}.Ad-Hoc|x64.Build.0 = Release|Any CPU
		{57452FC3-26BA-41F5-82E1-ADC3C49B5A62}.Ad-Hoc|x86.ActiveCfg = Release|Any CPU
		{57452FC3-26BA-41F5-82E1-ADC3C49B5A62}.Ad-Hoc|x86.Build.0 = Release|Any CPU
		{57452FC3-26BA-41F5-82E1-ADC3C49B5A62}.AppStore|Any CPU.ActiveCfg = Release|Any CPU
		{57452FC3-26BA-41F5-82E1-ADC3C49B5A62}.AppStore|Any CPU.Build.0 = Release|Any CPU
		{57452FC3-26BA-41F5-82E1-ADC3C49B5A62}.AppStore|ARM.ActiveCfg = Release|Any CPU
		{57452FC3-26BA-41F5-82E1-ADC3C49B5A62}.AppStore|ARM.Build.0 = Release|Any CPU
		{57452FC3-26BA-41F5-82E1-ADC3C49B5A62}.AppStore|iPhone.ActiveCfg = Release|Any CPU
		{57452FC3-26BA-41F5-82E1-ADC3C49B5A62}.AppStore|iPhone.Build.0 = Release|Any CPU
		{57452FC3-26BA-41F5-82E1-ADC3C49B5A62}.AppStore|iPhoneSimulator.ActiveCfg = Release|Any CPU
		{57452FC3-26BA-41F5-82E1-ADC3C49B5A62}.AppStore|iPhoneSimulator.Build.0 = Release|Any CPU
		{57452FC3-26BA-41F5-82E1-ADC3C49B5A62}.AppStore|x64.ActiveCfg = Release|Any CPU
		{57452FC3-26BA-41F5-82E1-ADC3C49B5A62}.AppStore|x64.Build.0 = Release|Any CPU
		{57452FC3-26BA-41F5-82E1-ADC3C49B5A62}.AppStore|x86.ActiveCfg = Release|Any CPU
		{57452FC3-26BA-41F5-82E1-ADC3C49B5A62}.AppStore|x86.Build.0 = Release|Any CPU
		{57452FC3-26BA-41F5-82E1-ADC3C49B5A62}.Debug|Any CPU.ActiveCfg = Debug|Any CPU
		{57452FC3-26BA-41F5-82E1-ADC3C49B5A62}.Debug|Any CPU.Build.0 = Debug|Any CPU
		{57452FC3-26BA-41F5-82E1-ADC3C49B5A62}.Debug|ARM.ActiveCfg = Debug|Any CPU
		{57452FC3-26BA-41F5-82E1-ADC3C49B5A62}.Debug|ARM.Build.0 = Debug|Any CPU
		{57452FC3-26BA-41F5-82E1-ADC3C49B5A62}.Debug|iPhone.ActiveCfg = Debug|Any CPU
		{57452FC3-26BA-41F5-82E1-ADC3C49B5A62}.Debug|iPhone.Build.0 = Debug|Any CPU
		{57452FC3-26BA-41F5-82E1-ADC3C49B5A62}.Debug|iPhoneSimulator.ActiveCfg = Debug|Any CPU
		{57452FC3-26BA-41F5-82E1-ADC3C49B5A62}.Debug|iPhoneSimulator.Build.0 = Debug|Any CPU
		{57452FC3-26BA-41F5-82E1-ADC3C49B5A62}.Debug|x64.ActiveCfg = Debug|Any CPU
		{57452FC3-26BA-41F5-82E1-ADC3C49B5A62}.Debug|x64.Build.0 = Debug|Any CPU
		{57452FC3-26BA-41F5-82E1-ADC3C49B5A62}.Debug|x86.ActiveCfg = Debug|Any CPU
		{57452FC3-26BA-41F5-82E1-ADC3C49B5A62}.Debug|x86.Build.0 = Debug|Any CPU
		{57452FC3-26BA-41F5-82E1-ADC3C49B5A62}.Release|Any CPU.ActiveCfg = Release|Any CPU
		{57452FC3-26BA-41F5-82E1-ADC3C49B5A62}.Release|Any CPU.Build.0 = Release|Any CPU
		{57452FC3-26BA-41F5-82E1-ADC3C49B5A62}.Release|ARM.ActiveCfg = Release|Any CPU
		{57452FC3-26BA-41F5-82E1-ADC3C49B5A62}.Release|ARM.Build.0 = Release|Any CPU
		{57452FC3-26BA-41F5-82E1-ADC3C49B5A62}.Release|iPhone.ActiveCfg = Release|Any CPU
		{57452FC3-26BA-41F5-82E1-ADC3C49B5A62}.Release|iPhone.Build.0 = Release|Any CPU
		{57452FC3-26BA-41F5-82E1-ADC3C49B5A62}.Release|iPhoneSimulator.ActiveCfg = Release|Any CPU
		{57452FC3-26BA-41F5-82E1-ADC3C49B5A62}.Release|iPhoneSimulator.Build.0 = Release|Any CPU
		{57452FC3-26BA-41F5-82E1-ADC3C49B5A62}.Release|x64.ActiveCfg = Release|Any CPU
		{57452FC3-26BA-41F5-82E1-ADC3C49B5A62}.Release|x64.Build.0 = Release|Any CPU
		{57452FC3-26BA-41F5-82E1-ADC3C49B5A62}.Release|x86.ActiveCfg = Release|Any CPU
		{57452FC3-26BA-41F5-82E1-ADC3C49B5A62}.Release|x86.Build.0 = Release|Any CPU
		{DF509CD8-6A2D-4322-95F9-67DB40928D46}.Ad-Hoc|Any CPU.ActiveCfg = Release|x86
		{DF509CD8-6A2D-4322-95F9-67DB40928D46}.Ad-Hoc|Any CPU.Build.0 = Release|x86
		{DF509CD8-6A2D-4322-95F9-67DB40928D46}.Ad-Hoc|Any CPU.Deploy.0 = Release|x86
		{DF509CD8-6A2D-4322-95F9-67DB40928D46}.Ad-Hoc|ARM.ActiveCfg = Release|ARM
		{DF509CD8-6A2D-4322-95F9-67DB40928D46}.Ad-Hoc|ARM.Build.0 = Release|ARM
		{DF509CD8-6A2D-4322-95F9-67DB40928D46}.Ad-Hoc|ARM.Deploy.0 = Release|ARM
		{DF509CD8-6A2D-4322-95F9-67DB40928D46}.Ad-Hoc|iPhone.ActiveCfg = Release|x86
		{DF509CD8-6A2D-4322-95F9-67DB40928D46}.Ad-Hoc|iPhone.Build.0 = Release|x86
		{DF509CD8-6A2D-4322-95F9-67DB40928D46}.Ad-Hoc|iPhone.Deploy.0 = Release|x86
		{DF509CD8-6A2D-4322-95F9-67DB40928D46}.Ad-Hoc|iPhoneSimulator.ActiveCfg = Release|x86
		{DF509CD8-6A2D-4322-95F9-67DB40928D46}.Ad-Hoc|iPhoneSimulator.Build.0 = Release|x86
		{DF509CD8-6A2D-4322-95F9-67DB40928D46}.Ad-Hoc|iPhoneSimulator.Deploy.0 = Release|x86
		{DF509CD8-6A2D-4322-95F9-67DB40928D46}.Ad-Hoc|x64.ActiveCfg = Release|x64
		{DF509CD8-6A2D-4322-95F9-67DB40928D46}.Ad-Hoc|x64.Build.0 = Release|x64
		{DF509CD8-6A2D-4322-95F9-67DB40928D46}.Ad-Hoc|x64.Deploy.0 = Release|x64
		{DF509CD8-6A2D-4322-95F9-67DB40928D46}.Ad-Hoc|x86.ActiveCfg = Release|x86
		{DF509CD8-6A2D-4322-95F9-67DB40928D46}.Ad-Hoc|x86.Build.0 = Release|x86
		{DF509CD8-6A2D-4322-95F9-67DB40928D46}.Ad-Hoc|x86.Deploy.0 = Release|x86
		{DF509CD8-6A2D-4322-95F9-67DB40928D46}.AppStore|Any CPU.ActiveCfg = Release|x86
		{DF509CD8-6A2D-4322-95F9-67DB40928D46}.AppStore|Any CPU.Build.0 = Release|x86
		{DF509CD8-6A2D-4322-95F9-67DB40928D46}.AppStore|Any CPU.Deploy.0 = Release|x86
		{DF509CD8-6A2D-4322-95F9-67DB40928D46}.AppStore|ARM.ActiveCfg = Release|ARM
		{DF509CD8-6A2D-4322-95F9-67DB40928D46}.AppStore|ARM.Build.0 = Release|ARM
		{DF509CD8-6A2D-4322-95F9-67DB40928D46}.AppStore|ARM.Deploy.0 = Release|ARM
		{DF509CD8-6A2D-4322-95F9-67DB40928D46}.AppStore|iPhone.ActiveCfg = Release|x86
		{DF509CD8-6A2D-4322-95F9-67DB40928D46}.AppStore|iPhone.Build.0 = Release|x86
		{DF509CD8-6A2D-4322-95F9-67DB40928D46}.AppStore|iPhone.Deploy.0 = Release|x86
		{DF509CD8-6A2D-4322-95F9-67DB40928D46}.AppStore|iPhoneSimulator.ActiveCfg = Release|x86
		{DF509CD8-6A2D-4322-95F9-67DB40928D46}.AppStore|iPhoneSimulator.Build.0 = Release|x86
		{DF509CD8-6A2D-4322-95F9-67DB40928D46}.AppStore|iPhoneSimulator.Deploy.0 = Release|x86
		{DF509CD8-6A2D-4322-95F9-67DB40928D46}.AppStore|x64.ActiveCfg = Release|x64
		{DF509CD8-6A2D-4322-95F9-67DB40928D46}.AppStore|x64.Build.0 = Release|x64
		{DF509CD8-6A2D-4322-95F9-67DB40928D46}.AppStore|x64.Deploy.0 = Release|x64
		{DF509CD8-6A2D-4322-95F9-67DB40928D46}.AppStore|x86.ActiveCfg = Release|x86
		{DF509CD8-6A2D-4322-95F9-67DB40928D46}.AppStore|x86.Build.0 = Release|x86
		{DF509CD8-6A2D-4322-95F9-67DB40928D46}.AppStore|x86.Deploy.0 = Release|x86
		{DF509CD8-6A2D-4322-95F9-67DB40928D46}.Debug|Any CPU.ActiveCfg = Debug|x86
		{DF509CD8-6A2D-4322-95F9-67DB40928D46}.Debug|ARM.ActiveCfg = Debug|ARM
		{DF509CD8-6A2D-4322-95F9-67DB40928D46}.Debug|ARM.Build.0 = Debug|ARM
		{DF509CD8-6A2D-4322-95F9-67DB40928D46}.Debug|ARM.Deploy.0 = Debug|ARM
		{DF509CD8-6A2D-4322-95F9-67DB40928D46}.Debug|iPhone.ActiveCfg = Debug|x86
		{DF509CD8-6A2D-4322-95F9-67DB40928D46}.Debug|iPhoneSimulator.ActiveCfg = Debug|x86
		{DF509CD8-6A2D-4322-95F9-67DB40928D46}.Debug|x64.ActiveCfg = Debug|x64
		{DF509CD8-6A2D-4322-95F9-67DB40928D46}.Debug|x64.Build.0 = Debug|x64
		{DF509CD8-6A2D-4322-95F9-67DB40928D46}.Debug|x64.Deploy.0 = Debug|x64
		{DF509CD8-6A2D-4322-95F9-67DB40928D46}.Debug|x86.ActiveCfg = Debug|x86
		{DF509CD8-6A2D-4322-95F9-67DB40928D46}.Debug|x86.Build.0 = Debug|x86
		{DF509CD8-6A2D-4322-95F9-67DB40928D46}.Debug|x86.Deploy.0 = Debug|x86
		{DF509CD8-6A2D-4322-95F9-67DB40928D46}.Release|Any CPU.ActiveCfg = Release|x86
		{DF509CD8-6A2D-4322-95F9-67DB40928D46}.Release|ARM.ActiveCfg = Release|ARM
		{DF509CD8-6A2D-4322-95F9-67DB40928D46}.Release|ARM.Build.0 = Release|ARM
		{DF509CD8-6A2D-4322-95F9-67DB40928D46}.Release|ARM.Deploy.0 = Release|ARM
		{DF509CD8-6A2D-4322-95F9-67DB40928D46}.Release|iPhone.ActiveCfg = Release|x86
		{DF509CD8-6A2D-4322-95F9-67DB40928D46}.Release|iPhoneSimulator.ActiveCfg = Release|x86
		{DF509CD8-6A2D-4322-95F9-67DB40928D46}.Release|x64.ActiveCfg = Release|x64
		{DF509CD8-6A2D-4322-95F9-67DB40928D46}.Release|x64.Build.0 = Release|x64
		{DF509CD8-6A2D-4322-95F9-67DB40928D46}.Release|x64.Deploy.0 = Release|x64
		{DF509CD8-6A2D-4322-95F9-67DB40928D46}.Release|x86.ActiveCfg = Release|x86
		{DF509CD8-6A2D-4322-95F9-67DB40928D46}.Release|x86.Build.0 = Release|x86
		{DF509CD8-6A2D-4322-95F9-67DB40928D46}.Release|x86.Deploy.0 = Release|x86
		{35F90525-7C8F-4EF5-B830-040E10D41C89}.Ad-Hoc|Any CPU.ActiveCfg = Ad-Hoc|iPhone
		{35F90525-7C8F-4EF5-B830-040E10D41C89}.Ad-Hoc|ARM.ActiveCfg = Ad-Hoc|iPhone
		{35F90525-7C8F-4EF5-B830-040E10D41C89}.Ad-Hoc|iPhone.ActiveCfg = Ad-Hoc|iPhone
		{35F90525-7C8F-4EF5-B830-040E10D41C89}.Ad-Hoc|iPhone.Build.0 = Ad-Hoc|iPhone
		{35F90525-7C8F-4EF5-B830-040E10D41C89}.Ad-Hoc|iPhoneSimulator.ActiveCfg = Ad-Hoc|iPhoneSimulator
		{35F90525-7C8F-4EF5-B830-040E10D41C89}.Ad-Hoc|iPhoneSimulator.Build.0 = Ad-Hoc|iPhoneSimulator
		{35F90525-7C8F-4EF5-B830-040E10D41C89}.Ad-Hoc|x64.ActiveCfg = Ad-Hoc|iPhone
		{35F90525-7C8F-4EF5-B830-040E10D41C89}.Ad-Hoc|x86.ActiveCfg = Ad-Hoc|iPhone
		{35F90525-7C8F-4EF5-B830-040E10D41C89}.AppStore|Any CPU.ActiveCfg = AppStore|iPhone
		{35F90525-7C8F-4EF5-B830-040E10D41C89}.AppStore|ARM.ActiveCfg = AppStore|iPhone
		{35F90525-7C8F-4EF5-B830-040E10D41C89}.AppStore|iPhone.ActiveCfg = AppStore|iPhone
		{35F90525-7C8F-4EF5-B830-040E10D41C89}.AppStore|iPhone.Build.0 = AppStore|iPhone
		{35F90525-7C8F-4EF5-B830-040E10D41C89}.AppStore|iPhoneSimulator.ActiveCfg = AppStore|iPhoneSimulator
		{35F90525-7C8F-4EF5-B830-040E10D41C89}.AppStore|iPhoneSimulator.Build.0 = AppStore|iPhoneSimulator
		{35F90525-7C8F-4EF5-B830-040E10D41C89}.AppStore|x64.ActiveCfg = AppStore|iPhone
		{35F90525-7C8F-4EF5-B830-040E10D41C89}.AppStore|x86.ActiveCfg = AppStore|iPhone
		{35F90525-7C8F-4EF5-B830-040E10D41C89}.Debug|Any CPU.ActiveCfg = Debug|iPhone
		{35F90525-7C8F-4EF5-B830-040E10D41C89}.Debug|ARM.ActiveCfg = Debug|iPhone
		{35F90525-7C8F-4EF5-B830-040E10D41C89}.Debug|iPhone.ActiveCfg = Debug|iPhone
		{35F90525-7C8F-4EF5-B830-040E10D41C89}.Debug|iPhone.Build.0 = Debug|iPhone
		{35F90525-7C8F-4EF5-B830-040E10D41C89}.Debug|iPhoneSimulator.ActiveCfg = Debug|iPhoneSimulator
		{35F90525-7C8F-4EF5-B830-040E10D41C89}.Debug|iPhoneSimulator.Build.0 = Debug|iPhoneSimulator
		{35F90525-7C8F-4EF5-B830-040E10D41C89}.Debug|x64.ActiveCfg = Debug|iPhone
		{35F90525-7C8F-4EF5-B830-040E10D41C89}.Debug|x86.ActiveCfg = Debug|iPhone
		{35F90525-7C8F-4EF5-B830-040E10D41C89}.Release|Any CPU.ActiveCfg = Release|iPhone
		{35F90525-7C8F-4EF5-B830-040E10D41C89}.Release|ARM.ActiveCfg = Release|iPhone
		{35F90525-7C8F-4EF5-B830-040E10D41C89}.Release|iPhone.ActiveCfg = Release|iPhone
		{35F90525-7C8F-4EF5-B830-040E10D41C89}.Release|iPhone.Build.0 = Release|iPhone
		{35F90525-7C8F-4EF5-B830-040E10D41C89}.Release|iPhoneSimulator.ActiveCfg = Release|iPhoneSimulator
		{35F90525-7C8F-4EF5-B830-040E10D41C89}.Release|iPhoneSimulator.Build.0 = Release|iPhoneSimulator
		{35F90525-7C8F-4EF5-B830-040E10D41C89}.Release|x64.ActiveCfg = Release|iPhone
		{35F90525-7C8F-4EF5-B830-040E10D41C89}.Release|x86.ActiveCfg = Release|iPhone
	EndGlobalSection
	GlobalSection(SolutionProperties) = preSolution
		HideSolutionNode = FALSE
	EndGlobalSection
	GlobalSection(ExtensibilityGlobals) = postSolution
		SolutionGuid = {A39C5298-DA98-4B14-A8F3-59E2A27D35C4}
	EndGlobalSection
EndGlobal
