
Microsoft Visual Studio Solution File, Format Version 12.00
# Visual Studio 15
VisualStudioVersion = 15.0.26730.16
MinimumVisualStudioVersion = 10.0.40219.1
Project("{FAE04EC0-301F-11D3-BF4B-00C04F79EFBC}") = "CalculatorTest.Android", "CalculatorTest\CalculatorTest.Android\CalculatorTest.Android.csproj", "{937B5A14-FA32-43EA-96CC-83DAD8152E39}"
EndProject
Project("{FAE04EC0-301F-11D3-BF4B-00C04F79EFBC}") = "CalculatorTest.iOS", "CalculatorTest\CalculatorTest.iOS\CalculatorTest.iOS.csproj", "{FC92C787-CA23-42E6-A5ED-1828D4C35164}"
EndProject
Project("{2150E333-8FDC-42A3-9474-1A3956D46DE8}") = "Solution Items", "Solution Items", "{14E261B5-8C46-47F7-A417-7E84AD3A8871}"
EndProject
Project("{9A19103F-16F7-4668-BE54-9A1E7A4F7556}") = "CalculatorTest", "CalculatorTest\CalculatorTest\CalculatorTest.csproj", "{332C8BE0-88EF-4A00-8DCE-211AE5A46029}"
EndProject
Global
	GlobalSection(SolutionConfigurationPlatforms) = preSolution
		Ad-Hoc|Any CPU = Ad-Hoc|Any CPU
		Ad-Hoc|ARM = Ad-Hoc|ARM
		Ad-Hoc|iPhone = Ad-Hoc|iPhone
		Ad-Hoc|iPhoneSimulator = Ad-Hoc|iPhoneSimulator
		Ad-Hoc|x64 = Ad-Hoc|x64
		Ad-Hoc|x86 = Ad-Hoc|x86
		AppStore|Any CPU = AppStore|Any CPU
		AppStore|ARM = AppStore|ARM
		AppStore|iPhone = AppStore|iPhone
		AppStore|iPhoneSimulator = AppStore|iPhoneSimulator
		AppStore|x64 = AppStore|x64
		AppStore|x86 = AppStore|x86
		Debug|Any CPU = Debug|Any CPU
		Debug|ARM = Debug|ARM
		Debug|iPhone = Debug|iPhone
		Debug|iPhoneSimulator = Debug|iPhoneSimulator
		Debug|x64 = Debug|x64
		Debug|x86 = Debug|x86
		Release|Any CPU = Release|Any CPU
		Release|ARM = Release|ARM
		Release|iPhone = Release|iPhone
		Release|iPhoneSimulator = Release|iPhoneSimulator
		Release|x64 = Release|x64
		Release|x86 = Release|x86
	EndGlobalSection
	GlobalSection(ProjectConfigurationPlatforms) = postSolution
		{937B5A14-FA32-43EA-96CC-83DAD8152E39}.Ad-Hoc|Any CPU.ActiveCfg = Release|Any CPU
		{937B5A14-FA32-43EA-96CC-83DAD8152E39}.Ad-Hoc|Any CPU.Build.0 = Release|Any CPU
		{937B5A14-FA32-43EA-96CC-83DAD8152E39}.Ad-Hoc|Any CPU.Deploy.0 = Release|Any CPU
		{937B5A14-FA32-43EA-96CC-83DAD8152E39}.Ad-Hoc|ARM.ActiveCfg = Release|Any CPU
		{937B5A14-FA32-43EA-96CC-83DAD8152E39}.Ad-Hoc|ARM.Build.0 = Release|Any CPU
		{937B5A14-FA32-43EA-96CC-83DAD8152E39}.Ad-Hoc|ARM.Deploy.0 = Release|Any CPU
		{937B5A14-FA32-43EA-96CC-83DAD8152E39}.Ad-Hoc|iPhone.ActiveCfg = Release|Any CPU
		{937B5A14-FA32-43EA-96CC-83DAD8152E39}.Ad-Hoc|iPhone.Build.0 = Release|Any CPU
		{937B5A14-FA32-43EA-96CC-83DAD8152E39}.Ad-Hoc|iPhone.Deploy.0 = Release|Any CPU
		{937B5A14-FA32-43EA-96CC-83DAD8152E39}.Ad-Hoc|iPhoneSimulator.ActiveCfg = Release|Any CPU
		{937B5A14-FA32-43EA-96CC-83DAD8152E39}.Ad-Hoc|iPhoneSimulator.Build.0 = Release|Any CPU
		{937B5A14-FA32-43EA-96CC-83DAD8152E39}.Ad-Hoc|iPhoneSimulator.Deploy.0 = Release|Any CPU
		{937B5A14-FA32-43EA-96CC-83DAD8152E39}.Ad-Hoc|x64.ActiveCfg = Release|Any CPU
		{937B5A14-FA32-43EA-96CC-83DAD8152E39}.Ad-Hoc|x64.Build.0 = Release|Any CPU
		{937B5A14-FA32-43EA-96CC-83DAD8152E39}.Ad-Hoc|x64.Deploy.0 = Release|Any CPU
		{937B5A14-FA32-43EA-96CC-83DAD8152E39}.Ad-Hoc|x86.ActiveCfg = Release|Any CPU
		{937B5A14-FA32-43EA-96CC-83DAD8152E39}.Ad-Hoc|x86.Build.0 = Release|Any CPU
		{937B5A14-FA32-43EA-96CC-83DAD8152E39}.Ad-Hoc|x86.Deploy.0 = Release|Any CPU
		{937B5A14-FA32-43EA-96CC-83DAD8152E39}.AppStore|Any CPU.ActiveCfg = Release|Any CPU
		{937B5A14-FA32-43EA-96CC-83DAD8152E39}.AppStore|Any CPU.Build.0 = Release|Any CPU
		{937B5A14-FA32-43EA-96CC-83DAD8152E39}.AppStore|Any CPU.Deploy.0 = Release|Any CPU
		{937B5A14-FA32-43EA-96CC-83DAD8152E39}.AppStore|ARM.ActiveCfg = Release|Any CPU
		{937B5A14-FA32-43EA-96CC-83DAD8152E39}.AppStore|ARM.Build.0 = Release|Any CPU
		{937B5A14-FA32-43EA-96CC-83DAD8152E39}.AppStore|ARM.Deploy.0 = Release|Any CPU
		{937B5A14-FA32-43EA-96CC-83DAD8152E39}.AppStore|iPhone.ActiveCfg = Release|Any CPU
		{937B5A14-FA32-43EA-96CC-83DAD8152E39}.AppStore|iPhone.Build.0 = Release|Any CPU
		{937B5A14-FA32-43EA-96CC-83DAD8152E39}.AppStore|iPhone.Deploy.0 = Release|Any CPU
		{937B5A14-FA32-43EA-96CC-83DAD8152E39}.AppStore|iPhoneSimulator.ActiveCfg = Release|Any CPU
		{937B5A14-FA32-43EA-96CC-83DAD8152E39}.AppStore|iPhoneSimulator.Build.0 = Release|Any CPU
		{937B5A14-FA32-43EA-96CC-83DAD8152E39}.AppStore|iPhoneSimulator.Deploy.0 = Release|Any CPU
		{937B5A14-FA32-43EA-96CC-83DAD8152E39}.AppStore|x64.ActiveCfg = Release|Any CPU
		{937B5A14-FA32-43EA-96CC-83DAD8152E39}.AppStore|x64.Build.0 = Release|Any CPU
		{937B5A14-FA32-43EA-96CC-83DAD8152E39}.AppStore|x64.Deploy.0 = Release|Any CPU
		{937B5A14-FA32-43EA-96CC-83DAD8152E39}.AppStore|x86.ActiveCfg = Release|Any CPU
		{937B5A14-FA32-43EA-96CC-83DAD8152E39}.AppStore|x86.Build.0 = Release|Any CPU
		{937B5A14-FA32-43EA-96CC-83DAD8152E39}.AppStore|x86.Deploy.0 = Release|Any CPU
		{937B5A14-FA32-43EA-96CC-83DAD8152E39}.Debug|Any CPU.ActiveCfg = Debug|Any CPU
		{937B5A14-FA32-43EA-96CC-83DAD8152E39}.Debug|Any CPU.Build.0 = Debug|Any CPU
		{937B5A14-FA32-43EA-96CC-83DAD8152E39}.Debug|Any CPU.Deploy.0 = Debug|Any CPU
		{937B5A14-FA32-43EA-96CC-83DAD8152E39}.Debug|ARM.ActiveCfg = Debug|Any CPU
		{937B5A14-FA32-43EA-96CC-83DAD8152E39}.Debug|ARM.Build.0 = Debug|Any CPU
		{937B5A14-FA32-43EA-96CC-83DAD8152E39}.Debug|ARM.Deploy.0 = Debug|Any CPU
		{937B5A14-FA32-43EA-96CC-83DAD8152E39}.Debug|iPhone.ActiveCfg = Debug|Any CPU
		{937B5A14-FA32-43EA-96CC-83DAD8152E39}.Debug|iPhone.Build.0 = Debug|Any CPU
		{937B5A14-FA32-43EA-96CC-83DAD8152E39}.Debug|iPhone.Deploy.0 = Debug|Any CPU
		{937B5A14-FA32-43EA-96CC-83DAD8152E39}.Debug|iPhoneSimulator.ActiveCfg = Debug|Any CPU
		{937B5A14-FA32-43EA-96CC-83DAD8152E39}.Debug|iPhoneSimulator.Build.0 = Debug|Any CPU
		{937B5A14-FA32-43EA-96CC-83DAD8152E39}.Debug|iPhoneSimulator.Deploy.0 = Debug|Any CPU
		{937B5A14-FA32-43EA-96CC-83DAD8152E39}.Debug|x64.ActiveCfg = Debug|Any CPU
		{937B5A14-FA32-43EA-96CC-83DAD8152E39}.Debug|x64.Build.0 = Debug|Any CPU
		{937B5A14-FA32-43EA-96CC-83DAD8152E39}.Debug|x64.Deploy.0 = Debug|Any CPU
		{937B5A14-FA32-43EA-96CC-83DAD8152E39}.Debug|x86.ActiveCfg = Debug|Any CPU
		{937B5A14-FA32-43EA-96CC-83DAD8152E39}.Debug|x86.Build.0 = Debug|Any CPU
		{937B5A14-FA32-43EA-96CC-83DAD8152E39}.Debug|x86.Deploy.0 = Debug|Any CPU
		{937B5A14-FA32-43EA-96CC-83DAD8152E39}.Release|Any CPU.ActiveCfg = Release|Any CPU
		{937B5A14-FA32-43EA-96CC-83DAD8152E39}.Release|Any CPU.Build.0 = Release|Any CPU
		{937B5A14-FA32-43EA-96CC-83DAD8152E39}.Release|Any CPU.Deploy.0 = Release|Any CPU
		{937B5A14-FA32-43EA-96CC-83DAD8152E39}.Release|ARM.ActiveCfg = Release|Any CPU
		{937B5A14-FA32-43EA-96CC-83DAD8152E39}.Release|ARM.Build.0 = Release|Any CPU
		{937B5A14-FA32-43EA-96CC-83DAD8152E39}.Release|ARM.Deploy.0 = Release|Any CPU
		{937B5A14-FA32-43EA-96CC-83DAD8152E39}.Release|iPhone.ActiveCfg = Release|Any CPU
		{937B5A14-FA32-43EA-96CC-83DAD8152E39}.Release|iPhone.Build.0 = Release|Any CPU
		{937B5A14-FA32-43EA-96CC-83DAD8152E39}.Release|iPhone.Deploy.0 = Release|Any CPU
		{937B5A14-FA32-43EA-96CC-83DAD8152E39}.Release|iPhoneSimulator.ActiveCfg = Release|Any CPU
		{937B5A14-FA32-43EA-96CC-83DAD8152E39}.Release|iPhoneSimulator.Build.0 = Release|Any CPU
		{937B5A14-FA32-43EA-96CC-83DAD8152E39}.Release|iPhoneSimulator.Deploy.0 = Release|Any CPU
		{937B5A14-FA32-43EA-96CC-83DAD8152E39}.Release|x64.ActiveCfg = Release|Any CPU
		{937B5A14-FA32-43EA-96CC-83DAD8152E39}.Release|x64.Build.0 = Release|Any CPU
		{937B5A14-FA32-43EA-96CC-83DAD8152E39}.Release|x64.Deploy.0 = Release|Any CPU
		{937B5A14-FA32-43EA-96CC-83DAD8152E39}.Release|x86.ActiveCfg = Release|Any CPU
		{937B5A14-FA32-43EA-96CC-83DAD8152E39}.Release|x86.Build.0 = Release|Any CPU
		{937B5A14-FA32-43EA-96CC-83DAD8152E39}.Release|x86.Deploy.0 = Release|Any CPU
		{FC92C787-CA23-42E6-A5ED-1828D4C35164}.Ad-Hoc|Any CPU.ActiveCfg = Ad-Hoc|iPhone
		{FC92C787-CA23-42E6-A5ED-1828D4C35164}.Ad-Hoc|ARM.ActiveCfg = Ad-Hoc|iPhone
		{FC92C787-CA23-42E6-A5ED-1828D4C35164}.Ad-Hoc|iPhone.ActiveCfg = Ad-Hoc|iPhone
		{FC92C787-CA23-42E6-A5ED-1828D4C35164}.Ad-Hoc|iPhone.Build.0 = Ad-Hoc|iPhone
		{FC92C787-CA23-42E6-A5ED-1828D4C35164}.Ad-Hoc|iPhoneSimulator.ActiveCfg = Ad-Hoc|iPhoneSimulator
		{FC92C787-CA23-42E6-A5ED-1828D4C35164}.Ad-Hoc|iPhoneSimulator.Build.0 = Ad-Hoc|iPhoneSimulator
		{FC92C787-CA23-42E6-A5ED-1828D4C35164}.Ad-Hoc|x64.ActiveCfg = Ad-Hoc|iPhone
		{FC92C787-CA23-42E6-A5ED-1828D4C35164}.Ad-Hoc|x86.ActiveCfg = Ad-Hoc|iPhone
		{FC92C787-CA23-42E6-A5ED-1828D4C35164}.AppStore|Any CPU.ActiveCfg = AppStore|iPhone
		{FC92C787-CA23-42E6-A5ED-1828D4C35164}.AppStore|ARM.ActiveCfg = AppStore|iPhone
		{FC92C787-CA23-42E6-A5ED-1828D4C35164}.AppStore|iPhone.ActiveCfg = AppStore|iPhone
		{FC92C787-CA23-42E6-A5ED-1828D4C35164}.AppStore|iPhone.Build.0 = AppStore|iPhone
		{FC92C787-CA23-42E6-A5ED-1828D4C35164}.AppStore|iPhoneSimulator.ActiveCfg = AppStore|iPhoneSimulator
		{FC92C787-CA23-42E6-A5ED-1828D4C35164}.AppStore|iPhoneSimulator.Build.0 = AppStore|iPhoneSimulator
		{FC92C787-CA23-42E6-A5ED-1828D4C35164}.AppStore|x64.ActiveCfg = AppStore|iPhone
		{FC92C787-CA23-42E6-A5ED-1828D4C35164}.AppStore|x86.ActiveCfg = AppStore|iPhone
		{FC92C787-CA23-42E6-A5ED-1828D4C35164}.Debug|Any CPU.ActiveCfg = Debug|iPhone
		{FC92C787-CA23-42E6-A5ED-1828D4C35164}.Debug|ARM.ActiveCfg = Debug|iPhone
		{FC92C787-CA23-42E6-A5ED-1828D4C35164}.Debug|iPhone.ActiveCfg = Debug|iPhone
		{FC92C787-CA23-42E6-A5ED-1828D4C35164}.Debug|iPhone.Build.0 = Debug|iPhone
		{FC92C787-CA23-42E6-A5ED-1828D4C35164}.Debug|iPhoneSimulator.ActiveCfg = Debug|iPhoneSimulator
		{FC92C787-CA23-42E6-A5ED-1828D4C35164}.Debug|iPhoneSimulator.Build.0 = Debug|iPhoneSimulator
		{FC92C787-CA23-42E6-A5ED-1828D4C35164}.Debug|x64.ActiveCfg = Debug|iPhone
		{FC92C787-CA23-42E6-A5ED-1828D4C35164}.Debug|x86.ActiveCfg = Debug|iPhone
		{FC92C787-CA23-42E6-A5ED-1828D4C35164}.Release|Any CPU.ActiveCfg = Release|iPhone
		{FC92C787-CA23-42E6-A5ED-1828D4C35164}.Release|ARM.ActiveCfg = Release|iPhone
		{FC92C787-CA23-42E6-A5ED-1828D4C35164}.Release|iPhone.ActiveCfg = Release|iPhone
		{FC92C787-CA23-42E6-A5ED-1828D4C35164}.Release|iPhone.Build.0 = Release|iPhone
		{FC92C787-CA23-42E6-A5ED-1828D4C35164}.Release|iPhoneSimulator.ActiveCfg = Release|iPhoneSimulator
		{FC92C787-CA23-42E6-A5ED-1828D4C35164}.Release|iPhoneSimulator.Build.0 = Release|iPhoneSimulator
		{FC92C787-CA23-42E6-A5ED-1828D4C35164}.Release|x64.ActiveCfg = Release|iPhone
		{FC92C787-CA23-42E6-A5ED-1828D4C35164}.Release|x86.ActiveCfg = Release|iPhone
		{332C8BE0-88EF-4A00-8DCE-211AE5A46029}.Ad-Hoc|Any CPU.ActiveCfg = Debug|Any CPU
		{332C8BE0-88EF-4A00-8DCE-211AE5A46029}.Ad-Hoc|Any CPU.Build.0 = Debug|Any CPU
		{332C8BE0-88EF-4A00-8DCE-211AE5A46029}.Ad-Hoc|ARM.ActiveCfg = Debug|Any CPU
		{332C8BE0-88EF-4A00-8DCE-211AE5A46029}.Ad-Hoc|ARM.Build.0 = Debug|Any CPU
		{332C8BE0-88EF-4A00-8DCE-211AE5A46029}.Ad-Hoc|iPhone.ActiveCfg = Debug|Any CPU
		{332C8BE0-88EF-4A00-8DCE-211AE5A46029}.Ad-Hoc|iPhone.Build.0 = Debug|Any CPU
		{332C8BE0-88EF-4A00-8DCE-211AE5A46029}.Ad-Hoc|iPhoneSimulator.ActiveCfg = Debug|Any CPU
		{332C8BE0-88EF-4A00-8DCE-211AE5A46029}.Ad-Hoc|iPhoneSimulator.Build.0 = Debug|Any CPU
		{332C8BE0-88EF-4A00-8DCE-211AE5A46029}.Ad-Hoc|x64.ActiveCfg = Debug|Any CPU
		{332C8BE0-88EF-4A00-8DCE-211AE5A46029}.Ad-Hoc|x64.Build.0 = Debug|Any CPU
		{332C8BE0-88EF-4A00-8DCE-211AE5A46029}.Ad-Hoc|x86.ActiveCfg = Debug|Any CPU
		{332C8BE0-88EF-4A00-8DCE-211AE5A46029}.Ad-Hoc|x86.Build.0 = Debug|Any CPU
		{332C8BE0-88EF-4A00-8DCE-211AE5A46029}.AppStore|Any CPU.ActiveCfg = Debug|Any CPU
		{332C8BE0-88EF-4A00-8DCE-211AE5A46029}.AppStore|Any CPU.Build.0 = Debug|Any CPU
		{332C8BE0-88EF-4A00-8DCE-211AE5A46029}.AppStore|ARM.ActiveCfg = Debug|Any CPU
		{332C8BE0-88EF-4A00-8DCE-211AE5A46029}.AppStore|ARM.Build.0 = Debug|Any CPU
		{332C8BE0-88EF-4A00-8DCE-211AE5A46029}.AppStore|iPhone.ActiveCfg = Debug|Any CPU
		{332C8BE0-88EF-4A00-8DCE-211AE5A46029}.AppStore|iPhone.Build.0 = Debug|Any CPU
		{332C8BE0-88EF-4A00-8DCE-211AE5A46029}.AppStore|iPhoneSimulator.ActiveCfg = Debug|Any CPU
		{332C8BE0-88EF-4A00-8DCE-211AE5A46029}.AppStore|iPhoneSimulator.Build.0 = Debug|Any CPU
		{332C8BE0-88EF-4A00-8DCE-211AE5A46029}.AppStore|x64.ActiveCfg = Debug|Any CPU
		{332C8BE0-88EF-4A00-8DCE-211AE5A46029}.AppStore|x64.Build.0 = Debug|Any CPU
		{332C8BE0-88EF-4A00-8DCE-211AE5A46029}.AppStore|x86.ActiveCfg = Debug|Any CPU
		{332C8BE0-88EF-4A00-8DCE-211AE5A46029}.AppStore|x86.Build.0 = Debug|Any CPU
		{332C8BE0-88EF-4A00-8DCE-211AE5A46029}.Debug|Any CPU.ActiveCfg = Debug|Any CPU
		{332C8BE0-88EF-4A00-8DCE-211AE5A46029}.Debug|Any CPU.Build.0 = Debug|Any CPU
		{332C8BE0-88EF-4A00-8DCE-211AE5A46029}.Debug|ARM.ActiveCfg = Debug|Any CPU
		{332C8BE0-88EF-4A00-8DCE-211AE5A46029}.Debug|ARM.Build.0 = Debug|Any CPU
		{332C8BE0-88EF-4A00-8DCE-211AE5A46029}.Debug|iPhone.ActiveCfg = Debug|Any CPU
		{332C8BE0-88EF-4A00-8DCE-211AE5A46029}.Debug|iPhone.Build.0 = Debug|Any CPU
		{332C8BE0-88EF-4A00-8DCE-211AE5A46029}.Debug|iPhoneSimulator.ActiveCfg = Debug|Any CPU
		{332C8BE0-88EF-4A00-8DCE-211AE5A46029}.Debug|iPhoneSimulator.Build.0 = Debug|Any CPU
		{332C8BE0-88EF-4A00-8DCE-211AE5A46029}.Debug|x64.ActiveCfg = Debug|Any CPU
		{332C8BE0-88EF-4A00-8DCE-211AE5A46029}.Debug|x64.Build.0 = Debug|Any CPU
		{332C8BE0-88EF-4A00-8DCE-211AE5A46029}.Debug|x86.ActiveCfg = Debug|Any CPU
		{332C8BE0-88EF-4A00-8DCE-211AE5A46029}.Debug|x86.Build.0 = Debug|Any CPU
		{332C8BE0-88EF-4A00-8DCE-211AE5A46029}.Release|Any CPU.ActiveCfg = Release|Any CPU
		{332C8BE0-88EF-4A00-8DCE-211AE5A46029}.Release|Any CPU.Build.0 = Release|Any CPU
		{332C8BE0-88EF-4A00-8DCE-211AE5A46029}.Release|ARM.ActiveCfg = Release|Any CPU
		{332C8BE0-88EF-4A00-8DCE-211AE5A46029}.Release|ARM.Build.0 = Release|Any CPU
		{332C8BE0-88EF-4A00-8DCE-211AE5A46029}.Release|iPhone.ActiveCfg = Release|Any CPU
		{332C8BE0-88EF-4A00-8DCE-211AE5A46029}.Release|iPhone.Build.0 = Release|Any CPU
		{332C8BE0-88EF-4A00-8DCE-211AE5A46029}.Release|iPhoneSimulator.ActiveCfg = Release|Any CPU
		{332C8BE0-88EF-4A00-8DCE-211AE5A46029}.Release|iPhoneSimulator.Build.0 = Release|Any CPU
		{332C8BE0-88EF-4A00-8DCE-211AE5A46029}.Release|x64.ActiveCfg = Release|Any CPU
		{332C8BE0-88EF-4A00-8DCE-211AE5A46029}.Release|x64.Build.0 = Release|Any CPU
		{332C8BE0-88EF-4A00-8DCE-211AE5A46029}.Release|x86.ActiveCfg = Release|Any CPU
		{332C8BE0-88EF-4A00-8DCE-211AE5A46029}.Release|x86.Build.0 = Release|Any CPU
	EndGlobalSection
	GlobalSection(SolutionProperties) = preSolution
		HideSolutionNode = FALSE
	EndGlobalSection
	GlobalSection(ExtensibilityGlobals) = postSolution
		SolutionGuid = {885B6423-B60D-4D85-A2C8-B480BD3D1542}
	EndGlobalSection
EndGlobal
