
Microsoft Visual Studio Solution File, Format Version 12.00
# Visual Studio 15
VisualStudioVersion = 15.0.26730.16
MinimumVisualStudioVersion = 10.0.40219.1
Project("{FAE04EC0-301F-11D3-BF4B-00C04F79EFBC}") = "BertBorschTutorial.Android", "BertBorschTutorial\BertBorschTutorial.Android\BertBorschTutorial.Android.csproj", "{1C2CBF03-CDF8-4814-B6D1-1D998D96AE7C}"
EndProject
Project("{FAE04EC0-301F-11D3-BF4B-00C04F79EFBC}") = "BertBorschTutorial", "BertBorschTutorial\BertBorschTutorial\BertBorschTutorial.csproj", "{B40E9337-0316-4A0D-A19A-D9F3F4185F88}"
EndProject
Project("{FAE04EC0-301F-11D3-BF4B-00C04F79EFBC}") = "BertBorschTutorial.UWP", "BertBorschTutorial\BertBorschTutorial.UWP\BertBorschTutorial.UWP.csproj", "{E3330E0A-0291-42C5-87AC-3D6493580EFA}"
EndProject
Project("{FAE04EC0-301F-11D3-BF4B-00C04F79EFBC}") = "BertBorschTutorial.iOS", "BertBorschTutorial\BertBorschTutorial.iOS\BertBorschTutorial.iOS.csproj", "{8AC165D0-AF23-49EE-AB72-2C8B56D46D0C}"
EndProject
Global
	GlobalSection(SolutionConfigurationPlatforms) = preSolution
		Ad-Hoc|Any CPU = Ad-Hoc|Any CPU
		Ad-Hoc|ARM = Ad-Hoc|ARM
		Ad-Hoc|iPhone = Ad-Hoc|iPhone
		Ad-Hoc|iPhoneSimulator = Ad-Hoc|iPhoneSimulator
		Ad-Hoc|x64 = Ad-Hoc|x64
		Ad-Hoc|x86 = Ad-Hoc|x86
		AppStore|Any CPU = AppStore|Any CPU
		AppStore|ARM = AppStore|ARM
		AppStore|iPhone = AppStore|iPhone
		AppStore|iPhoneSimulator = AppStore|iPhoneSimulator
		AppStore|x64 = AppStore|x64
		AppStore|x86 = AppStore|x86
		Debug|Any CPU = Debug|Any CPU
		Debug|ARM = Debug|ARM
		Debug|iPhone = Debug|iPhone
		Debug|iPhoneSimulator = Debug|iPhoneSimulator
		Debug|x64 = Debug|x64
		Debug|x86 = Debug|x86
		Release|Any CPU = Release|Any CPU
		Release|ARM = Release|ARM
		Release|iPhone = Release|iPhone
		Release|iPhoneSimulator = Release|iPhoneSimulator
		Release|x64 = Release|x64
		Release|x86 = Release|x86
	EndGlobalSection
	GlobalSection(ProjectConfigurationPlatforms) = postSolution
		{1C2CBF03-CDF8-4814-B6D1-1D998D96AE7C}.Ad-Hoc|Any CPU.ActiveCfg = Release|Any CPU
		{1C2CBF03-CDF8-4814-B6D1-1D998D96AE7C}.Ad-Hoc|Any CPU.Build.0 = Release|Any CPU
		{1C2CBF03-CDF8-4814-B6D1-1D998D96AE7C}.Ad-Hoc|Any CPU.Deploy.0 = Release|Any CPU
		{1C2CBF03-CDF8-4814-B6D1-1D998D96AE7C}.Ad-Hoc|ARM.ActiveCfg = Release|Any CPU
		{1C2CBF03-CDF8-4814-B6D1-1D998D96AE7C}.Ad-Hoc|ARM.Build.0 = Release|Any CPU
		{1C2CBF03-CDF8-4814-B6D1-1D998D96AE7C}.Ad-Hoc|ARM.Deploy.0 = Release|Any CPU
		{1C2CBF03-CDF8-4814-B6D1-1D998D96AE7C}.Ad-Hoc|iPhone.ActiveCfg = Release|Any CPU
		{1C2CBF03-CDF8-4814-B6D1-1D998D96AE7C}.Ad-Hoc|iPhone.Build.0 = Release|Any CPU
		{1C2CBF03-CDF8-4814-B6D1-1D998D96AE7C}.Ad-Hoc|iPhone.Deploy.0 = Release|Any CPU
		{1C2CBF03-CDF8-4814-B6D1-1D998D96AE7C}.Ad-Hoc|iPhoneSimulator.ActiveCfg = Release|Any CPU
		{1C2CBF03-CDF8-4814-B6D1-1D998D96AE7C}.Ad-Hoc|iPhoneSimulator.Build.0 = Release|Any CPU
		{1C2CBF03-CDF8-4814-B6D1-1D998D96AE7C}.Ad-Hoc|iPhoneSimulator.Deploy.0 = Release|Any CPU
		{1C2CBF03-CDF8-4814-B6D1-1D998D96AE7C}.Ad-Hoc|x64.ActiveCfg = Release|Any CPU
		{1C2CBF03-CDF8-4814-B6D1-1D998D96AE7C}.Ad-Hoc|x64.Build.0 = Release|Any CPU
		{1C2CBF03-CDF8-4814-B6D1-1D998D96AE7C}.Ad-Hoc|x64.Deploy.0 = Release|Any CPU
		{1C2CBF03-CDF8-4814-B6D1-1D998D96AE7C}.Ad-Hoc|x86.ActiveCfg = Release|Any CPU
		{1C2CBF03-CDF8-4814-B6D1-1D998D96AE7C}.Ad-Hoc|x86.Build.0 = Release|Any CPU
		{1C2CBF03-CDF8-4814-B6D1-1D998D96AE7C}.Ad-Hoc|x86.Deploy.0 = Release|Any CPU
		{1C2CBF03-CDF8-4814-B6D1-1D998D96AE7C}.AppStore|Any CPU.ActiveCfg = Release|Any CPU
		{1C2CBF03-CDF8-4814-B6D1-1D998D96AE7C}.AppStore|Any CPU.Build.0 = Release|Any CPU
		{1C2CBF03-CDF8-4814-B6D1-1D998D96AE7C}.AppStore|Any CPU.Deploy.0 = Release|Any CPU
		{1C2CBF03-CDF8-4814-B6D1-1D998D96AE7C}.AppStore|ARM.ActiveCfg = Release|Any CPU
		{1C2CBF03-CDF8-4814-B6D1-1D998D96AE7C}.AppStore|ARM.Build.0 = Release|Any CPU
		{1C2CBF03-CDF8-4814-B6D1-1D998D96AE7C}.AppStore|ARM.Deploy.0 = Release|Any CPU
		{1C2CBF03-CDF8-4814-B6D1-1D998D96AE7C}.AppStore|iPhone.ActiveCfg = Release|Any CPU
		{1C2CBF03-CDF8-4814-B6D1-1D998D96AE7C}.AppStore|iPhone.Build.0 = Release|Any CPU
		{1C2CBF03-CDF8-4814-B6D1-1D998D96AE7C}.AppStore|iPhone.Deploy.0 = Release|Any CPU
		{1C2CBF03-CDF8-4814-B6D1-1D998D96AE7C}.AppStore|iPhoneSimulator.ActiveCfg = Release|Any CPU
		{1C2CBF03-CDF8-4814-B6D1-1D998D96AE7C}.AppStore|iPhoneSimulator.Build.0 = Release|Any CPU
		{1C2CBF03-CDF8-4814-B6D1-1D998D96AE7C}.AppStore|iPhoneSimulator.Deploy.0 = Release|Any CPU
		{1C2CBF03-CDF8-4814-B6D1-1D998D96AE7C}.AppStore|x64.ActiveCfg = Release|Any CPU
		{1C2CBF03-CDF8-4814-B6D1-1D998D96AE7C}.AppStore|x64.Build.0 = Release|Any CPU
		{1C2CBF03-CDF8-4814-B6D1-1D998D96AE7C}.AppStore|x64.Deploy.0 = Release|Any CPU
		{1C2CBF03-CDF8-4814-B6D1-1D998D96AE7C}.AppStore|x86.ActiveCfg = Release|Any CPU
		{1C2CBF03-CDF8-4814-B6D1-1D998D96AE7C}.AppStore|x86.Build.0 = Release|Any CPU
		{1C2CBF03-CDF8-4814-B6D1-1D998D96AE7C}.AppStore|x86.Deploy.0 = Release|Any CPU
		{1C2CBF03-CDF8-4814-B6D1-1D998D96AE7C}.Debug|Any CPU.ActiveCfg = Debug|Any CPU
		{1C2CBF03-CDF8-4814-B6D1-1D998D96AE7C}.Debug|Any CPU.Build.0 = Debug|Any CPU
		{1C2CBF03-CDF8-4814-B6D1-1D998D96AE7C}.Debug|Any CPU.Deploy.0 = Debug|Any CPU
		{1C2CBF03-CDF8-4814-B6D1-1D998D96AE7C}.Debug|ARM.ActiveCfg = Debug|Any CPU
		{1C2CBF03-CDF8-4814-B6D1-1D998D96AE7C}.Debug|ARM.Build.0 = Debug|Any CPU
		{1C2CBF03-CDF8-4814-B6D1-1D998D96AE7C}.Debug|ARM.Deploy.0 = Debug|Any CPU
		{1C2CBF03-CDF8-4814-B6D1-1D998D96AE7C}.Debug|iPhone.ActiveCfg = Debug|Any CPU
		{1C2CBF03-CDF8-4814-B6D1-1D998D96AE7C}.Debug|iPhone.Build.0 = Debug|Any CPU
		{1C2CBF03-CDF8-4814-B6D1-1D998D96AE7C}.Debug|iPhone.Deploy.0 = Debug|Any CPU
		{1C2CBF03-CDF8-4814-B6D1-1D998D96AE7C}.Debug|iPhoneSimulator.ActiveCfg = Debug|Any CPU
		{1C2CBF03-CDF8-4814-B6D1-1D998D96AE7C}.Debug|iPhoneSimulator.Build.0 = Debug|Any CPU
		{1C2CBF03-CDF8-4814-B6D1-1D998D96AE7C}.Debug|iPhoneSimulator.Deploy.0 = Debug|Any CPU
		{1C2CBF03-CDF8-4814-B6D1-1D998D96AE7C}.Debug|x64.ActiveCfg = Debug|Any CPU
		{1C2CBF03-CDF8-4814-B6D1-1D998D96AE7C}.Debug|x64.Build.0 = Debug|Any CPU
		{1C2CBF03-CDF8-4814-B6D1-1D998D96AE7C}.Debug|x64.Deploy.0 = Debug|Any CPU
		{1C2CBF03-CDF8-4814-B6D1-1D998D96AE7C}.Debug|x86.ActiveCfg = Debug|Any CPU
		{1C2CBF03-CDF8-4814-B6D1-1D998D96AE7C}.Debug|x86.Build.0 = Debug|Any CPU
		{1C2CBF03-CDF8-4814-B6D1-1D998D96AE7C}.Debug|x86.Deploy.0 = Debug|Any CPU
		{1C2CBF03-CDF8-4814-B6D1-1D998D96AE7C}.Release|Any CPU.ActiveCfg = Release|Any CPU
		{1C2CBF03-CDF8-4814-B6D1-1D998D96AE7C}.Release|Any CPU.Build.0 = Release|Any CPU
		{1C2CBF03-CDF8-4814-B6D1-1D998D96AE7C}.Release|Any CPU.Deploy.0 = Release|Any CPU
		{1C2CBF03-CDF8-4814-B6D1-1D998D96AE7C}.Release|ARM.ActiveCfg = Release|Any CPU
		{1C2CBF03-CDF8-4814-B6D1-1D998D96AE7C}.Release|ARM.Build.0 = Release|Any CPU
		{1C2CBF03-CDF8-4814-B6D1-1D998D96AE7C}.Release|ARM.Deploy.0 = Release|Any CPU
		{1C2CBF03-CDF8-4814-B6D1-1D998D96AE7C}.Release|iPhone.ActiveCfg = Release|Any CPU
		{1C2CBF03-CDF8-4814-B6D1-1D998D96AE7C}.Release|iPhone.Build.0 = Release|Any CPU
		{1C2CBF03-CDF8-4814-B6D1-1D998D96AE7C}.Release|iPhone.Deploy.0 = Release|Any CPU
		{1C2CBF03-CDF8-4814-B6D1-1D998D96AE7C}.Release|iPhoneSimulator.ActiveCfg = Release|Any CPU
		{1C2CBF03-CDF8-4814-B6D1-1D998D96AE7C}.Release|iPhoneSimulator.Build.0 = Release|Any CPU
		{1C2CBF03-CDF8-4814-B6D1-1D998D96AE7C}.Release|iPhoneSimulator.Deploy.0 = Release|Any CPU
		{1C2CBF03-CDF8-4814-B6D1-1D998D96AE7C}.Release|x64.ActiveCfg = Release|Any CPU
		{1C2CBF03-CDF8-4814-B6D1-1D998D96AE7C}.Release|x64.Build.0 = Release|Any CPU
		{1C2CBF03-CDF8-4814-B6D1-1D998D96AE7C}.Release|x64.Deploy.0 = Release|Any CPU
		{1C2CBF03-CDF8-4814-B6D1-1D998D96AE7C}.Release|x86.ActiveCfg = Release|Any CPU
		{1C2CBF03-CDF8-4814-B6D1-1D998D96AE7C}.Release|x86.Build.0 = Release|Any CPU
		{1C2CBF03-CDF8-4814-B6D1-1D998D96AE7C}.Release|x86.Deploy.0 = Release|Any CPU
		{B40E9337-0316-4A0D-A19A-D9F3F4185F88}.Ad-Hoc|Any CPU.ActiveCfg = Release|Any CPU
		{B40E9337-0316-4A0D-A19A-D9F3F4185F88}.Ad-Hoc|Any CPU.Build.0 = Release|Any CPU
		{B40E9337-0316-4A0D-A19A-D9F3F4185F88}.Ad-Hoc|ARM.ActiveCfg = Release|Any CPU
		{B40E9337-0316-4A0D-A19A-D9F3F4185F88}.Ad-Hoc|ARM.Build.0 = Release|Any CPU
		{B40E9337-0316-4A0D-A19A-D9F3F4185F88}.Ad-Hoc|iPhone.ActiveCfg = Release|Any CPU
		{B40E9337-0316-4A0D-A19A-D9F3F4185F88}.Ad-Hoc|iPhone.Build.0 = Release|Any CPU
		{B40E9337-0316-4A0D-A19A-D9F3F4185F88}.Ad-Hoc|iPhoneSimulator.ActiveCfg = Release|Any CPU
		{B40E9337-0316-4A0D-A19A-D9F3F4185F88}.Ad-Hoc|iPhoneSimulator.Build.0 = Release|Any CPU
		{B40E9337-0316-4A0D-A19A-D9F3F4185F88}.Ad-Hoc|x64.ActiveCfg = Release|Any CPU
		{B40E9337-0316-4A0D-A19A-D9F3F4185F88}.Ad-Hoc|x64.Build.0 = Release|Any CPU
		{B40E9337-0316-4A0D-A19A-D9F3F4185F88}.Ad-Hoc|x86.ActiveCfg = Release|Any CPU
		{B40E9337-0316-4A0D-A19A-D9F3F4185F88}.Ad-Hoc|x86.Build.0 = Release|Any CPU
		{B40E9337-0316-4A0D-A19A-D9F3F4185F88}.AppStore|Any CPU.ActiveCfg = Release|Any CPU
		{B40E9337-0316-4A0D-A19A-D9F3F4185F88}.AppStore|Any CPU.Build.0 = Release|Any CPU
		{B40E9337-0316-4A0D-A19A-D9F3F4185F88}.AppStore|ARM.ActiveCfg = Release|Any CPU
		{B40E9337-0316-4A0D-A19A-D9F3F4185F88}.AppStore|ARM.Build.0 = Release|Any CPU
		{B40E9337-0316-4A0D-A19A-D9F3F4185F88}.AppStore|iPhone.ActiveCfg = Release|Any CPU
		{B40E9337-0316-4A0D-A19A-D9F3F4185F88}.AppStore|iPhone.Build.0 = Release|Any CPU
		{B40E9337-0316-4A0D-A19A-D9F3F4185F88}.AppStore|iPhoneSimulator.ActiveCfg = Release|Any CPU
		{B40E9337-0316-4A0D-A19A-D9F3F4185F88}.AppStore|iPhoneSimulator.Build.0 = Release|Any CPU
		{B40E9337-0316-4A0D-A19A-D9F3F4185F88}.AppStore|x64.ActiveCfg = Release|Any CPU
		{B40E9337-0316-4A0D-A19A-D9F3F4185F88}.AppStore|x64.Build.0 = Release|Any CPU
		{B40E9337-0316-4A0D-A19A-D9F3F4185F88}.AppStore|x86.ActiveCfg = Release|Any CPU
		{B40E9337-0316-4A0D-A19A-D9F3F4185F88}.AppStore|x86.Build.0 = Release|Any CPU
		{B40E9337-0316-4A0D-A19A-D9F3F4185F88}.Debug|Any CPU.ActiveCfg = Debug|Any CPU
		{B40E9337-0316-4A0D-A19A-D9F3F4185F88}.Debug|Any CPU.Build.0 = Debug|Any CPU
		{B40E9337-0316-4A0D-A19A-D9F3F4185F88}.Debug|ARM.ActiveCfg = Debug|Any CPU
		{B40E9337-0316-4A0D-A19A-D9F3F4185F88}.Debug|ARM.Build.0 = Debug|Any CPU
		{B40E9337-0316-4A0D-A19A-D9F3F4185F88}.Debug|iPhone.ActiveCfg = Debug|Any CPU
		{B40E9337-0316-4A0D-A19A-D9F3F4185F88}.Debug|iPhone.Build.0 = Debug|Any CPU
		{B40E9337-0316-4A0D-A19A-D9F3F4185F88}.Debug|iPhoneSimulator.ActiveCfg = Debug|Any CPU
		{B40E9337-0316-4A0D-A19A-D9F3F4185F88}.Debug|iPhoneSimulator.Build.0 = Debug|Any CPU
		{B40E9337-0316-4A0D-A19A-D9F3F4185F88}.Debug|x64.ActiveCfg = Debug|Any CPU
		{B40E9337-0316-4A0D-A19A-D9F3F4185F88}.Debug|x64.Build.0 = Debug|Any CPU
		{B40E9337-0316-4A0D-A19A-D9F3F4185F88}.Debug|x86.ActiveCfg = Debug|Any CPU
		{B40E9337-0316-4A0D-A19A-D9F3F4185F88}.Debug|x86.Build.0 = Debug|Any CPU
		{B40E9337-0316-4A0D-A19A-D9F3F4185F88}.Release|Any CPU.ActiveCfg = Release|Any CPU
		{B40E9337-0316-4A0D-A19A-D9F3F4185F88}.Release|Any CPU.Build.0 = Release|Any CPU
		{B40E9337-0316-4A0D-A19A-D9F3F4185F88}.Release|ARM.ActiveCfg = Release|Any CPU
		{B40E9337-0316-4A0D-A19A-D9F3F4185F88}.Release|ARM.Build.0 = Release|Any CPU
		{B40E9337-0316-4A0D-A19A-D9F3F4185F88}.Release|iPhone.ActiveCfg = Release|Any CPU
		{B40E9337-0316-4A0D-A19A-D9F3F4185F88}.Release|iPhone.Build.0 = Release|Any CPU
		{B40E9337-0316-4A0D-A19A-D9F3F4185F88}.Release|iPhoneSimulator.ActiveCfg = Release|Any CPU
		{B40E9337-0316-4A0D-A19A-D9F3F4185F88}.Release|iPhoneSimulator.Build.0 = Release|Any CPU
		{B40E9337-0316-4A0D-A19A-D9F3F4185F88}.Release|x64.ActiveCfg = Release|Any CPU
		{B40E9337-0316-4A0D-A19A-D9F3F4185F88}.Release|x64.Build.0 = Release|Any CPU
		{B40E9337-0316-4A0D-A19A-D9F3F4185F88}.Release|x86.ActiveCfg = Release|Any CPU
		{B40E9337-0316-4A0D-A19A-D9F3F4185F88}.Release|x86.Build.0 = Release|Any CPU
		{E3330E0A-0291-42C5-87AC-3D6493580EFA}.Ad-Hoc|Any CPU.ActiveCfg = Release|x86
		{E3330E0A-0291-42C5-87AC-3D6493580EFA}.Ad-Hoc|Any CPU.Build.0 = Release|x86
		{E3330E0A-0291-42C5-87AC-3D6493580EFA}.Ad-Hoc|Any CPU.Deploy.0 = Release|x86
		{E3330E0A-0291-42C5-87AC-3D6493580EFA}.Ad-Hoc|ARM.ActiveCfg = Release|ARM
		{E3330E0A-0291-42C5-87AC-3D6493580EFA}.Ad-Hoc|ARM.Build.0 = Release|ARM
		{E3330E0A-0291-42C5-87AC-3D6493580EFA}.Ad-Hoc|ARM.Deploy.0 = Release|ARM
		{E3330E0A-0291-42C5-87AC-3D6493580EFA}.Ad-Hoc|iPhone.ActiveCfg = Release|x86
		{E3330E0A-0291-42C5-87AC-3D6493580EFA}.Ad-Hoc|iPhone.Build.0 = Release|x86
		{E3330E0A-0291-42C5-87AC-3D6493580EFA}.Ad-Hoc|iPhone.Deploy.0 = Release|x86
		{E3330E0A-0291-42C5-87AC-3D6493580EFA}.Ad-Hoc|iPhoneSimulator.ActiveCfg = Release|x86
		{E3330E0A-0291-42C5-87AC-3D6493580EFA}.Ad-Hoc|iPhoneSimulator.Build.0 = Release|x86
		{E3330E0A-0291-42C5-87AC-3D6493580EFA}.Ad-Hoc|iPhoneSimulator.Deploy.0 = Release|x86
		{E3330E0A-0291-42C5-87AC-3D6493580EFA}.Ad-Hoc|x64.ActiveCfg = Release|x64
		{E3330E0A-0291-42C5-87AC-3D6493580EFA}.Ad-Hoc|x64.Build.0 = Release|x64
		{E3330E0A-0291-42C5-87AC-3D6493580EFA}.Ad-Hoc|x64.Deploy.0 = Release|x64
		{E3330E0A-0291-42C5-87AC-3D6493580EFA}.Ad-Hoc|x86.ActiveCfg = Release|x86
		{E3330E0A-0291-42C5-87AC-3D6493580EFA}.Ad-Hoc|x86.Build.0 = Release|x86
		{E3330E0A-0291-42C5-87AC-3D6493580EFA}.Ad-Hoc|x86.Deploy.0 = Release|x86
		{E3330E0A-0291-42C5-87AC-3D6493580EFA}.AppStore|Any CPU.ActiveCfg = Release|x86
		{E3330E0A-0291-42C5-87AC-3D6493580EFA}.AppStore|Any CPU.Build.0 = Release|x86
		{E3330E0A-0291-42C5-87AC-3D6493580EFA}.AppStore|Any CPU.Deploy.0 = Release|x86
		{E3330E0A-0291-42C5-87AC-3D6493580EFA}.AppStore|ARM.ActiveCfg = Release|ARM
		{E3330E0A-0291-42C5-87AC-3D6493580EFA}.AppStore|ARM.Build.0 = Release|ARM
		{E3330E0A-0291-42C5-87AC-3D6493580EFA}.AppStore|ARM.Deploy.0 = Release|ARM
		{E3330E0A-0291-42C5-87AC-3D6493580EFA}.AppStore|iPhone.ActiveCfg = Release|x86
		{E3330E0A-0291-42C5-87AC-3D6493580EFA}.AppStore|iPhone.Build.0 = Release|x86
		{E3330E0A-0291-42C5-87AC-3D6493580EFA}.AppStore|iPhone.Deploy.0 = Release|x86
		{E3330E0A-0291-42C5-87AC-3D6493580EFA}.AppStore|iPhoneSimulator.ActiveCfg = Release|x86
		{E3330E0A-0291-42C5-87AC-3D6493580EFA}.AppStore|iPhoneSimulator.Build.0 = Release|x86
		{E3330E0A-0291-42C5-87AC-3D6493580EFA}.AppStore|iPhoneSimulator.Deploy.0 = Release|x86
		{E3330E0A-0291-42C5-87AC-3D6493580EFA}.AppStore|x64.ActiveCfg = Release|x64
		{E3330E0A-0291-42C5-87AC-3D6493580EFA}.AppStore|x64.Build.0 = Release|x64
		{E3330E0A-0291-42C5-87AC-3D6493580EFA}.AppStore|x64.Deploy.0 = Release|x64
		{E3330E0A-0291-42C5-87AC-3D6493580EFA}.AppStore|x86.ActiveCfg = Release|x86
		{E3330E0A-0291-42C5-87AC-3D6493580EFA}.AppStore|x86.Build.0 = Release|x86
		{E3330E0A-0291-42C5-87AC-3D6493580EFA}.AppStore|x86.Deploy.0 = Release|x86
		{E3330E0A-0291-42C5-87AC-3D6493580EFA}.Debug|Any CPU.ActiveCfg = Debug|x86
		{E3330E0A-0291-42C5-87AC-3D6493580EFA}.Debug|ARM.ActiveCfg = Debug|ARM
		{E3330E0A-0291-42C5-87AC-3D6493580EFA}.Debug|ARM.Build.0 = Debug|ARM
		{E3330E0A-0291-42C5-87AC-3D6493580EFA}.Debug|ARM.Deploy.0 = Debug|ARM
		{E3330E0A-0291-42C5-87AC-3D6493580EFA}.Debug|iPhone.ActiveCfg = Debug|x86
		{E3330E0A-0291-42C5-87AC-3D6493580EFA}.Debug|iPhoneSimulator.ActiveCfg = Debug|x86
		{E3330E0A-0291-42C5-87AC-3D6493580EFA}.Debug|x64.ActiveCfg = Debug|x64
		{E3330E0A-0291-42C5-87AC-3D6493580EFA}.Debug|x64.Build.0 = Debug|x64
		{E3330E0A-0291-42C5-87AC-3D6493580EFA}.Debug|x64.Deploy.0 = Debug|x64
		{E3330E0A-0291-42C5-87AC-3D6493580EFA}.Debug|x86.ActiveCfg = Debug|x86
		{E3330E0A-0291-42C5-87AC-3D6493580EFA}.Debug|x86.Build.0 = Debug|x86
		{E3330E0A-0291-42C5-87AC-3D6493580EFA}.Debug|x86.Deploy.0 = Debug|x86
		{E3330E0A-0291-42C5-87AC-3D6493580EFA}.Release|Any CPU.ActiveCfg = Release|x86
		{E3330E0A-0291-42C5-87AC-3D6493580EFA}.Release|ARM.ActiveCfg = Release|ARM
		{E3330E0A-0291-42C5-87AC-3D6493580EFA}.Release|ARM.Build.0 = Release|ARM
		{E3330E0A-0291-42C5-87AC-3D6493580EFA}.Release|ARM.Deploy.0 = Release|ARM
		{E3330E0A-0291-42C5-87AC-3D6493580EFA}.Release|iPhone.ActiveCfg = Release|x86
		{E3330E0A-0291-42C5-87AC-3D6493580EFA}.Release|iPhoneSimulator.ActiveCfg = Release|x86
		{E3330E0A-0291-42C5-87AC-3D6493580EFA}.Release|x64.ActiveCfg = Release|x64
		{E3330E0A-0291-42C5-87AC-3D6493580EFA}.Release|x64.Build.0 = Release|x64
		{E3330E0A-0291-42C5-87AC-3D6493580EFA}.Release|x64.Deploy.0 = Release|x64
		{E3330E0A-0291-42C5-87AC-3D6493580EFA}.Release|x86.ActiveCfg = Release|x86
		{E3330E0A-0291-42C5-87AC-3D6493580EFA}.Release|x86.Build.0 = Release|x86
		{E3330E0A-0291-42C5-87AC-3D6493580EFA}.Release|x86.Deploy.0 = Release|x86
		{8AC165D0-AF23-49EE-AB72-2C8B56D46D0C}.Ad-Hoc|Any CPU.ActiveCfg = Ad-Hoc|iPhone
		{8AC165D0-AF23-49EE-AB72-2C8B56D46D0C}.Ad-Hoc|ARM.ActiveCfg = Ad-Hoc|iPhone
		{8AC165D0-AF23-49EE-AB72-2C8B56D46D0C}.Ad-Hoc|iPhone.ActiveCfg = Ad-Hoc|iPhone
		{8AC165D0-AF23-49EE-AB72-2C8B56D46D0C}.Ad-Hoc|iPhone.Build.0 = Ad-Hoc|iPhone
		{8AC165D0-AF23-49EE-AB72-2C8B56D46D0C}.Ad-Hoc|iPhoneSimulator.ActiveCfg = Ad-Hoc|iPhoneSimulator
		{8AC165D0-AF23-49EE-AB72-2C8B56D46D0C}.Ad-Hoc|iPhoneSimulator.Build.0 = Ad-Hoc|iPhoneSimulator
		{8AC165D0-AF23-49EE-AB72-2C8B56D46D0C}.Ad-Hoc|x64.ActiveCfg = Ad-Hoc|iPhone
		{8AC165D0-AF23-49EE-AB72-2C8B56D46D0C}.Ad-Hoc|x86.ActiveCfg = Ad-Hoc|iPhone
		{8AC165D0-AF23-49EE-AB72-2C8B56D46D0C}.AppStore|Any CPU.ActiveCfg = AppStore|iPhone
		{8AC165D0-AF23-49EE-AB72-2C8B56D46D0C}.AppStore|ARM.ActiveCfg = AppStore|iPhone
		{8AC165D0-AF23-49EE-AB72-2C8B56D46D0C}.AppStore|iPhone.ActiveCfg = AppStore|iPhone
		{8AC165D0-AF23-49EE-AB72-2C8B56D46D0C}.AppStore|iPhone.Build.0 = AppStore|iPhone
		{8AC165D0-AF23-49EE-AB72-2C8B56D46D0C}.AppStore|iPhoneSimulator.ActiveCfg = AppStore|iPhoneSimulator
		{8AC165D0-AF23-49EE-AB72-2C8B56D46D0C}.AppStore|iPhoneSimulator.Build.0 = AppStore|iPhoneSimulator
		{8AC165D0-AF23-49EE-AB72-2C8B56D46D0C}.AppStore|x64.ActiveCfg = AppStore|iPhone
		{8AC165D0-AF23-49EE-AB72-2C8B56D46D0C}.AppStore|x86.ActiveCfg = AppStore|iPhone
		{8AC165D0-AF23-49EE-AB72-2C8B56D46D0C}.Debug|Any CPU.ActiveCfg = Debug|iPhone
		{8AC165D0-AF23-49EE-AB72-2C8B56D46D0C}.Debug|ARM.ActiveCfg = Debug|iPhone
		{8AC165D0-AF23-49EE-AB72-2C8B56D46D0C}.Debug|iPhone.ActiveCfg = Debug|iPhone
		{8AC165D0-AF23-49EE-AB72-2C8B56D46D0C}.Debug|iPhone.Build.0 = Debug|iPhone
		{8AC165D0-AF23-49EE-AB72-2C8B56D46D0C}.Debug|iPhoneSimulator.ActiveCfg = Debug|iPhoneSimulator
		{8AC165D0-AF23-49EE-AB72-2C8B56D46D0C}.Debug|iPhoneSimulator.Build.0 = Debug|iPhoneSimulator
		{8AC165D0-AF23-49EE-AB72-2C8B56D46D0C}.Debug|x64.ActiveCfg = Debug|iPhone
		{8AC165D0-AF23-49EE-AB72-2C8B56D46D0C}.Debug|x86.ActiveCfg = Debug|iPhone
		{8AC165D0-AF23-49EE-AB72-2C8B56D46D0C}.Release|Any CPU.ActiveCfg = Release|iPhone
		{8AC165D0-AF23-49EE-AB72-2C8B56D46D0C}.Release|ARM.ActiveCfg = Release|iPhone
		{8AC165D0-AF23-49EE-AB72-2C8B56D46D0C}.Release|iPhone.ActiveCfg = Release|iPhone
		{8AC165D0-AF23-49EE-AB72-2C8B56D46D0C}.Release|iPhone.Build.0 = Release|iPhone
		{8AC165D0-AF23-49EE-AB72-2C8B56D46D0C}.Release|iPhoneSimulator.ActiveCfg = Release|iPhoneSimulator
		{8AC165D0-AF23-49EE-AB72-2C8B56D46D0C}.Release|iPhoneSimulator.Build.0 = Release|iPhoneSimulator
		{8AC165D0-AF23-49EE-AB72-2C8B56D46D0C}.Release|x64.ActiveCfg = Release|iPhone
		{8AC165D0-AF23-49EE-AB72-2C8B56D46D0C}.Release|x86.ActiveCfg = Release|iPhone
	EndGlobalSection
	GlobalSection(SolutionProperties) = preSolution
		HideSolutionNode = FALSE
	EndGlobalSection
	GlobalSection(ExtensibilityGlobals) = postSolution
		SolutionGuid = {7C736D5E-95F2-4F14-8C6C-B3683113F765}
	EndGlobalSection
EndGlobal
