
Microsoft Visual Studio Solution File, Format Version 12.00
# Visual Studio 15
VisualStudioVersion = 15.0.26730.16
MinimumVisualStudioVersion = 10.0.40219.1
Project("{FAE04EC0-301F-11D3-BF4B-00C04F79EFBC}") = "Intergrated_Functions.Android", "Intergrated_Functions\Intergrated_Functions.Android\Intergrated_Functions.Android.csproj", "{37D9A239-6082-4A3F-BA7E-15DBC0FC4042}"
EndProject
Project("{FAE04EC0-301F-11D3-BF4B-00C04F79EFBC}") = "Intergrated_Functions", "Intergrated_Functions\Intergrated_Functions\Intergrated_Functions.csproj", "{32E954BE-44B8-4B73-99AD-F30BC6F2D074}"
EndProject
Project("{FAE04EC0-301F-11D3-BF4B-00C04F79EFBC}") = "Intergrated_Functions.UWP", "Intergrated_Functions\Intergrated_Functions.UWP\Intergrated_Functions.UWP.csproj", "{4255B9D9-2CD8-443F-9151-730E5E910951}"
EndProject
Project("{FAE04EC0-301F-11D3-BF4B-00C04F79EFBC}") = "Intergrated_Functions.iOS", "Intergrated_Functions\Intergrated_Functions.iOS\Intergrated_Functions.iOS.csproj", "{A4BB68AC-B6CB-4BBA-8C29-0F255DE7BC90}"
EndProject
Global
	GlobalSection(SolutionConfigurationPlatforms) = preSolution
		Ad-Hoc|Any CPU = Ad-Hoc|Any CPU
		Ad-Hoc|ARM = Ad-Hoc|ARM
		Ad-Hoc|iPhone = Ad-Hoc|iPhone
		Ad-Hoc|iPhoneSimulator = Ad-Hoc|iPhoneSimulator
		Ad-Hoc|x64 = Ad-Hoc|x64
		Ad-Hoc|x86 = Ad-Hoc|x86
		AppStore|Any CPU = AppStore|Any CPU
		AppStore|ARM = AppStore|ARM
		AppStore|iPhone = AppStore|iPhone
		AppStore|iPhoneSimulator = AppStore|iPhoneSimulator
		AppStore|x64 = AppStore|x64
		AppStore|x86 = AppStore|x86
		Debug|Any CPU = Debug|Any CPU
		Debug|ARM = Debug|ARM
		Debug|iPhone = Debug|iPhone
		Debug|iPhoneSimulator = Debug|iPhoneSimulator
		Debug|x64 = Debug|x64
		Debug|x86 = Debug|x86
		Release|Any CPU = Release|Any CPU
		Release|ARM = Release|ARM
		Release|iPhone = Release|iPhone
		Release|iPhoneSimulator = Release|iPhoneSimulator
		Release|x64 = Release|x64
		Release|x86 = Release|x86
	EndGlobalSection
	GlobalSection(ProjectConfigurationPlatforms) = postSolution
		{37D9A239-6082-4A3F-BA7E-15DBC0FC4042}.Ad-Hoc|Any CPU.ActiveCfg = Release|Any CPU
		{37D9A239-6082-4A3F-BA7E-15DBC0FC4042}.Ad-Hoc|Any CPU.Build.0 = Release|Any CPU
		{37D9A239-6082-4A3F-BA7E-15DBC0FC4042}.Ad-Hoc|Any CPU.Deploy.0 = Release|Any CPU
		{37D9A239-6082-4A3F-BA7E-15DBC0FC4042}.Ad-Hoc|ARM.ActiveCfg = Release|Any CPU
		{37D9A239-6082-4A3F-BA7E-15DBC0FC4042}.Ad-Hoc|ARM.Build.0 = Release|Any CPU
		{37D9A239-6082-4A3F-BA7E-15DBC0FC4042}.Ad-Hoc|ARM.Deploy.0 = Release|Any CPU
		{37D9A239-6082-4A3F-BA7E-15DBC0FC4042}.Ad-Hoc|iPhone.ActiveCfg = Release|Any CPU
		{37D9A239-6082-4A3F-BA7E-15DBC0FC4042}.Ad-Hoc|iPhone.Build.0 = Release|Any CPU
		{37D9A239-6082-4A3F-BA7E-15DBC0FC4042}.Ad-Hoc|iPhone.Deploy.0 = Release|Any CPU
		{37D9A239-6082-4A3F-BA7E-15DBC0FC4042}.Ad-Hoc|iPhoneSimulator.ActiveCfg = Release|Any CPU
		{37D9A239-6082-4A3F-BA7E-15DBC0FC4042}.Ad-Hoc|iPhoneSimulator.Build.0 = Release|Any CPU
		{37D9A239-6082-4A3F-BA7E-15DBC0FC4042}.Ad-Hoc|iPhoneSimulator.Deploy.0 = Release|Any CPU
		{37D9A239-6082-4A3F-BA7E-15DBC0FC4042}.Ad-Hoc|x64.ActiveCfg = Release|Any CPU
		{37D9A239-6082-4A3F-BA7E-15DBC0FC4042}.Ad-Hoc|x64.Build.0 = Release|Any CPU
		{37D9A239-6082-4A3F-BA7E-15DBC0FC4042}.Ad-Hoc|x64.Deploy.0 = Release|Any CPU
		{37D9A239-6082-4A3F-BA7E-15DBC0FC4042}.Ad-Hoc|x86.ActiveCfg = Release|Any CPU
		{37D9A239-6082-4A3F-BA7E-15DBC0FC4042}.Ad-Hoc|x86.Build.0 = Release|Any CPU
		{37D9A239-6082-4A3F-BA7E-15DBC0FC4042}.Ad-Hoc|x86.Deploy.0 = Release|Any CPU
		{37D9A239-6082-4A3F-BA7E-15DBC0FC4042}.AppStore|Any CPU.ActiveCfg = Release|Any CPU
		{37D9A239-6082-4A3F-BA7E-15DBC0FC4042}.AppStore|Any CPU.Build.0 = Release|Any CPU
		{37D9A239-6082-4A3F-BA7E-15DBC0FC4042}.AppStore|Any CPU.Deploy.0 = Release|Any CPU
		{37D9A239-6082-4A3F-BA7E-15DBC0FC4042}.AppStore|ARM.ActiveCfg = Release|Any CPU
		{37D9A239-6082-4A3F-BA7E-15DBC0FC4042}.AppStore|ARM.Build.0 = Release|Any CPU
		{37D9A239-6082-4A3F-BA7E-15DBC0FC4042}.AppStore|ARM.Deploy.0 = Release|Any CPU
		{37D9A239-6082-4A3F-BA7E-15DBC0FC4042}.AppStore|iPhone.ActiveCfg = Release|Any CPU
		{37D9A239-6082-4A3F-BA7E-15DBC0FC4042}.AppStore|iPhone.Build.0 = Release|Any CPU
		{37D9A239-6082-4A3F-BA7E-15DBC0FC4042}.AppStore|iPhone.Deploy.0 = Release|Any CPU
		{37D9A239-6082-4A3F-BA7E-15DBC0FC4042}.AppStore|iPhoneSimulator.ActiveCfg = Release|Any CPU
		{37D9A239-6082-4A3F-BA7E-15DBC0FC4042}.AppStore|iPhoneSimulator.Build.0 = Release|Any CPU
		{37D9A239-6082-4A3F-BA7E-15DBC0FC4042}.AppStore|iPhoneSimulator.Deploy.0 = Release|Any CPU
		{37D9A239-6082-4A3F-BA7E-15DBC0FC4042}.AppStore|x64.ActiveCfg = Release|Any CPU
		{37D9A239-6082-4A3F-BA7E-15DBC0FC4042}.AppStore|x64.Build.0 = Release|Any CPU
		{37D9A239-6082-4A3F-BA7E-15DBC0FC4042}.AppStore|x64.Deploy.0 = Release|Any CPU
		{37D9A239-6082-4A3F-BA7E-15DBC0FC4042}.AppStore|x86.ActiveCfg = Release|Any CPU
		{37D9A239-6082-4A3F-BA7E-15DBC0FC4042}.AppStore|x86.Build.0 = Release|Any CPU
		{37D9A239-6082-4A3F-BA7E-15DBC0FC4042}.AppStore|x86.Deploy.0 = Release|Any CPU
		{37D9A239-6082-4A3F-BA7E-15DBC0FC4042}.Debug|Any CPU.ActiveCfg = Debug|Any CPU
		{37D9A239-6082-4A3F-BA7E-15DBC0FC4042}.Debug|Any CPU.Build.0 = Debug|Any CPU
		{37D9A239-6082-4A3F-BA7E-15DBC0FC4042}.Debug|Any CPU.Deploy.0 = Debug|Any CPU
		{37D9A239-6082-4A3F-BA7E-15DBC0FC4042}.Debug|ARM.ActiveCfg = Debug|Any CPU
		{37D9A239-6082-4A3F-BA7E-15DBC0FC4042}.Debug|ARM.Build.0 = Debug|Any CPU
		{37D9A239-6082-4A3F-BA7E-15DBC0FC4042}.Debug|ARM.Deploy.0 = Debug|Any CPU
		{37D9A239-6082-4A3F-BA7E-15DBC0FC4042}.Debug|iPhone.ActiveCfg = Debug|Any CPU
		{37D9A239-6082-4A3F-BA7E-15DBC0FC4042}.Debug|iPhone.Build.0 = Debug|Any CPU
		{37D9A239-6082-4A3F-BA7E-15DBC0FC4042}.Debug|iPhone.Deploy.0 = Debug|Any CPU
		{37D9A239-6082-4A3F-BA7E-15DBC0FC4042}.Debug|iPhoneSimulator.ActiveCfg = Debug|Any CPU
		{37D9A239-6082-4A3F-BA7E-15DBC0FC4042}.Debug|iPhoneSimulator.Build.0 = Debug|Any CPU
		{37D9A239-6082-4A3F-BA7E-15DBC0FC4042}.Debug|iPhoneSimulator.Deploy.0 = Debug|Any CPU
		{37D9A239-6082-4A3F-BA7E-15DBC0FC4042}.Debug|x64.ActiveCfg = Debug|Any CPU
		{37D9A239-6082-4A3F-BA7E-15DBC0FC4042}.Debug|x64.Build.0 = Debug|Any CPU
		{37D9A239-6082-4A3F-BA7E-15DBC0FC4042}.Debug|x64.Deploy.0 = Debug|Any CPU
		{37D9A239-6082-4A3F-BA7E-15DBC0FC4042}.Debug|x86.ActiveCfg = Debug|Any CPU
		{37D9A239-6082-4A3F-BA7E-15DBC0FC4042}.Debug|x86.Build.0 = Debug|Any CPU
		{37D9A239-6082-4A3F-BA7E-15DBC0FC4042}.Debug|x86.Deploy.0 = Debug|Any CPU
		{37D9A239-6082-4A3F-BA7E-15DBC0FC4042}.Release|Any CPU.ActiveCfg = Release|Any CPU
		{37D9A239-6082-4A3F-BA7E-15DBC0FC4042}.Release|Any CPU.Build.0 = Release|Any CPU
		{37D9A239-6082-4A3F-BA7E-15DBC0FC4042}.Release|Any CPU.Deploy.0 = Release|Any CPU
		{37D9A239-6082-4A3F-BA7E-15DBC0FC4042}.Release|ARM.ActiveCfg = Release|Any CPU
		{37D9A239-6082-4A3F-BA7E-15DBC0FC4042}.Release|ARM.Build.0 = Release|Any CPU
		{37D9A239-6082-4A3F-BA7E-15DBC0FC4042}.Release|ARM.Deploy.0 = Release|Any CPU
		{37D9A239-6082-4A3F-BA7E-15DBC0FC4042}.Release|iPhone.ActiveCfg = Release|Any CPU
		{37D9A239-6082-4A3F-BA7E-15DBC0FC4042}.Release|iPhone.Build.0 = Release|Any CPU
		{37D9A239-6082-4A3F-BA7E-15DBC0FC4042}.Release|iPhone.Deploy.0 = Release|Any CPU
		{37D9A239-6082-4A3F-BA7E-15DBC0FC4042}.Release|iPhoneSimulator.ActiveCfg = Release|Any CPU
		{37D9A239-6082-4A3F-BA7E-15DBC0FC4042}.Release|iPhoneSimulator.Build.0 = Release|Any CPU
		{37D9A239-6082-4A3F-BA7E-15DBC0FC4042}.Release|iPhoneSimulator.Deploy.0 = Release|Any CPU
		{37D9A239-6082-4A3F-BA7E-15DBC0FC4042}.Release|x64.ActiveCfg = Release|Any CPU
		{37D9A239-6082-4A3F-BA7E-15DBC0FC4042}.Release|x64.Build.0 = Release|Any CPU
		{37D9A239-6082-4A3F-BA7E-15DBC0FC4042}.Release|x64.Deploy.0 = Release|Any CPU
		{37D9A239-6082-4A3F-BA7E-15DBC0FC4042}.Release|x86.ActiveCfg = Release|Any CPU
		{37D9A239-6082-4A3F-BA7E-15DBC0FC4042}.Release|x86.Build.0 = Release|Any CPU
		{37D9A239-6082-4A3F-BA7E-15DBC0FC4042}.Release|x86.Deploy.0 = Release|Any CPU
		{32E954BE-44B8-4B73-99AD-F30BC6F2D074}.Ad-Hoc|Any CPU.ActiveCfg = Release|Any CPU
		{32E954BE-44B8-4B73-99AD-F30BC6F2D074}.Ad-Hoc|Any CPU.Build.0 = Release|Any CPU
		{32E954BE-44B8-4B73-99AD-F30BC6F2D074}.Ad-Hoc|ARM.ActiveCfg = Release|Any CPU
		{32E954BE-44B8-4B73-99AD-F30BC6F2D074}.Ad-Hoc|ARM.Build.0 = Release|Any CPU
		{32E954BE-44B8-4B73-99AD-F30BC6F2D074}.Ad-Hoc|iPhone.ActiveCfg = Release|Any CPU
		{32E954BE-44B8-4B73-99AD-F30BC6F2D074}.Ad-Hoc|iPhone.Build.0 = Release|Any CPU
		{32E954BE-44B8-4B73-99AD-F30BC6F2D074}.Ad-Hoc|iPhoneSimulator.ActiveCfg = Release|Any CPU
		{32E954BE-44B8-4B73-99AD-F30BC6F2D074}.Ad-Hoc|iPhoneSimulator.Build.0 = Release|Any CPU
		{32E954BE-44B8-4B73-99AD-F30BC6F2D074}.Ad-Hoc|x64.ActiveCfg = Release|Any CPU
		{32E954BE-44B8-4B73-99AD-F30BC6F2D074}.Ad-Hoc|x64.Build.0 = Release|Any CPU
		{32E954BE-44B8-4B73-99AD-F30BC6F2D074}.Ad-Hoc|x86.ActiveCfg = Release|Any CPU
		{32E954BE-44B8-4B73-99AD-F30BC6F2D074}.Ad-Hoc|x86.Build.0 = Release|Any CPU
		{32E954BE-44B8-4B73-99AD-F30BC6F2D074}.AppStore|Any CPU.ActiveCfg = Release|Any CPU
		{32E954BE-44B8-4B73-99AD-F30BC6F2D074}.AppStore|Any CPU.Build.0 = Release|Any CPU
		{32E954BE-44B8-4B73-99AD-F30BC6F2D074}.AppStore|ARM.ActiveCfg = Release|Any CPU
		{32E954BE-44B8-4B73-99AD-F30BC6F2D074}.AppStore|ARM.Build.0 = Release|Any CPU
		{32E954BE-44B8-4B73-99AD-F30BC6F2D074}.AppStore|iPhone.ActiveCfg = Release|Any CPU
		{32E954BE-44B8-4B73-99AD-F30BC6F2D074}.AppStore|iPhone.Build.0 = Release|Any CPU
		{32E954BE-44B8-4B73-99AD-F30BC6F2D074}.AppStore|iPhoneSimulator.ActiveCfg = Release|Any CPU
		{32E954BE-44B8-4B73-99AD-F30BC6F2D074}.AppStore|iPhoneSimulator.Build.0 = Release|Any CPU
		{32E954BE-44B8-4B73-99AD-F30BC6F2D074}.AppStore|x64.ActiveCfg = Release|Any CPU
		{32E954BE-44B8-4B73-99AD-F30BC6F2D074}.AppStore|x64.Build.0 = Release|Any CPU
		{32E954BE-44B8-4B73-99AD-F30BC6F2D074}.AppStore|x86.ActiveCfg = Release|Any CPU
		{32E954BE-44B8-4B73-99AD-F30BC6F2D074}.AppStore|x86.Build.0 = Release|Any CPU
		{32E954BE-44B8-4B73-99AD-F30BC6F2D074}.Debug|Any CPU.ActiveCfg = Debug|Any CPU
		{32E954BE-44B8-4B73-99AD-F30BC6F2D074}.Debug|Any CPU.Build.0 = Debug|Any CPU
		{32E954BE-44B8-4B73-99AD-F30BC6F2D074}.Debug|ARM.ActiveCfg = Debug|Any CPU
		{32E954BE-44B8-4B73-99AD-F30BC6F2D074}.Debug|ARM.Build.0 = Debug|Any CPU
		{32E954BE-44B8-4B73-99AD-F30BC6F2D074}.Debug|iPhone.ActiveCfg = Debug|Any CPU
		{32E954BE-44B8-4B73-99AD-F30BC6F2D074}.Debug|iPhone.Build.0 = Debug|Any CPU
		{32E954BE-44B8-4B73-99AD-F30BC6F2D074}.Debug|iPhoneSimulator.ActiveCfg = Debug|Any CPU
		{32E954BE-44B8-4B73-99AD-F30BC6F2D074}.Debug|iPhoneSimulator.Build.0 = Debug|Any CPU
		{32E954BE-44B8-4B73-99AD-F30BC6F2D074}.Debug|x64.ActiveCfg = Debug|Any CPU
		{32E954BE-44B8-4B73-99AD-F30BC6F2D074}.Debug|x64.Build.0 = Debug|Any CPU
		{32E954BE-44B8-4B73-99AD-F30BC6F2D074}.Debug|x86.ActiveCfg = Debug|Any CPU
		{32E954BE-44B8-4B73-99AD-F30BC6F2D074}.Debug|x86.Build.0 = Debug|Any CPU
		{32E954BE-44B8-4B73-99AD-F30BC6F2D074}.Release|Any CPU.ActiveCfg = Release|Any CPU
		{32E954BE-44B8-4B73-99AD-F30BC6F2D074}.Release|Any CPU.Build.0 = Release|Any CPU
		{32E954BE-44B8-4B73-99AD-F30BC6F2D074}.Release|ARM.ActiveCfg = Release|Any CPU
		{32E954BE-44B8-4B73-99AD-F30BC6F2D074}.Release|ARM.Build.0 = Release|Any CPU
		{32E954BE-44B8-4B73-99AD-F30BC6F2D074}.Release|iPhone.ActiveCfg = Release|Any CPU
		{32E954BE-44B8-4B73-99AD-F30BC6F2D074}.Release|iPhone.Build.0 = Release|Any CPU
		{32E954BE-44B8-4B73-99AD-F30BC6F2D074}.Release|iPhoneSimulator.ActiveCfg = Release|Any CPU
		{32E954BE-44B8-4B73-99AD-F30BC6F2D074}.Release|iPhoneSimulator.Build.0 = Release|Any CPU
		{32E954BE-44B8-4B73-99AD-F30BC6F2D074}.Release|x64.ActiveCfg = Release|Any CPU
		{32E954BE-44B8-4B73-99AD-F30BC6F2D074}.Release|x64.Build.0 = Release|Any CPU
		{32E954BE-44B8-4B73-99AD-F30BC6F2D074}.Release|x86.ActiveCfg = Release|Any CPU
		{32E954BE-44B8-4B73-99AD-F30BC6F2D074}.Release|x86.Build.0 = Release|Any CPU
		{4255B9D9-2CD8-443F-9151-730E5E910951}.Ad-Hoc|Any CPU.ActiveCfg = Release|x86
		{4255B9D9-2CD8-443F-9151-730E5E910951}.Ad-Hoc|Any CPU.Build.0 = Release|x86
		{4255B9D9-2CD8-443F-9151-730E5E910951}.Ad-Hoc|Any CPU.Deploy.0 = Release|x86
		{4255B9D9-2CD8-443F-9151-730E5E910951}.Ad-Hoc|ARM.ActiveCfg = Release|ARM
		{4255B9D9-2CD8-443F-9151-730E5E910951}.Ad-Hoc|ARM.Build.0 = Release|ARM
		{4255B9D9-2CD8-443F-9151-730E5E910951}.Ad-Hoc|ARM.Deploy.0 = Release|ARM
		{4255B9D9-2CD8-443F-9151-730E5E910951}.Ad-Hoc|iPhone.ActiveCfg = Release|x86
		{4255B9D9-2CD8-443F-9151-730E5E910951}.Ad-Hoc|iPhone.Build.0 = Release|x86
		{4255B9D9-2CD8-443F-9151-730E5E910951}.Ad-Hoc|iPhone.Deploy.0 = Release|x86
		{4255B9D9-2CD8-443F-9151-730E5E910951}.Ad-Hoc|iPhoneSimulator.ActiveCfg = Release|x86
		{4255B9D9-2CD8-443F-9151-730E5E910951}.Ad-Hoc|iPhoneSimulator.Build.0 = Release|x86
		{4255B9D9-2CD8-443F-9151-730E5E910951}.Ad-Hoc|iPhoneSimulator.Deploy.0 = Release|x86
		{4255B9D9-2CD8-443F-9151-730E5E910951}.Ad-Hoc|x64.ActiveCfg = Release|x64
		{4255B9D9-2CD8-443F-9151-730E5E910951}.Ad-Hoc|x64.Build.0 = Release|x64
		{4255B9D9-2CD8-443F-9151-730E5E910951}.Ad-Hoc|x64.Deploy.0 = Release|x64
		{4255B9D9-2CD8-443F-9151-730E5E910951}.Ad-Hoc|x86.ActiveCfg = Release|x86
		{4255B9D9-2CD8-443F-9151-730E5E910951}.Ad-Hoc|x86.Build.0 = Release|x86
		{4255B9D9-2CD8-443F-9151-730E5E910951}.Ad-Hoc|x86.Deploy.0 = Release|x86
		{4255B9D9-2CD8-443F-9151-730E5E910951}.AppStore|Any CPU.ActiveCfg = Release|x86
		{4255B9D9-2CD8-443F-9151-730E5E910951}.AppStore|Any CPU.Build.0 = Release|x86
		{4255B9D9-2CD8-443F-9151-730E5E910951}.AppStore|Any CPU.Deploy.0 = Release|x86
		{4255B9D9-2CD8-443F-9151-730E5E910951}.AppStore|ARM.ActiveCfg = Release|ARM
		{4255B9D9-2CD8-443F-9151-730E5E910951}.AppStore|ARM.Build.0 = Release|ARM
		{4255B9D9-2CD8-443F-9151-730E5E910951}.AppStore|ARM.Deploy.0 = Release|ARM
		{4255B9D9-2CD8-443F-9151-730E5E910951}.AppStore|iPhone.ActiveCfg = Release|x86
		{4255B9D9-2CD8-443F-9151-730E5E910951}.AppStore|iPhone.Build.0 = Release|x86
		{4255B9D9-2CD8-443F-9151-730E5E910951}.AppStore|iPhone.Deploy.0 = Release|x86
		{4255B9D9-2CD8-443F-9151-730E5E910951}.AppStore|iPhoneSimulator.ActiveCfg = Release|x86
		{4255B9D9-2CD8-443F-9151-730E5E910951}.AppStore|iPhoneSimulator.Build.0 = Release|x86
		{4255B9D9-2CD8-443F-9151-730E5E910951}.AppStore|iPhoneSimulator.Deploy.0 = Release|x86
		{4255B9D9-2CD8-443F-9151-730E5E910951}.AppStore|x64.ActiveCfg = Release|x64
		{4255B9D9-2CD8-443F-9151-730E5E910951}.AppStore|x64.Build.0 = Release|x64
		{4255B9D9-2CD8-443F-9151-730E5E910951}.AppStore|x64.Deploy.0 = Release|x64
		{4255B9D9-2CD8-443F-9151-730E5E910951}.AppStore|x86.ActiveCfg = Release|x86
		{4255B9D9-2CD8-443F-9151-730E5E910951}.AppStore|x86.Build.0 = Release|x86
		{4255B9D9-2CD8-443F-9151-730E5E910951}.AppStore|x86.Deploy.0 = Release|x86
		{4255B9D9-2CD8-443F-9151-730E5E910951}.Debug|Any CPU.ActiveCfg = Debug|x86
		{4255B9D9-2CD8-443F-9151-730E5E910951}.Debug|ARM.ActiveCfg = Debug|ARM
		{4255B9D9-2CD8-443F-9151-730E5E910951}.Debug|ARM.Build.0 = Debug|ARM
		{4255B9D9-2CD8-443F-9151-730E5E910951}.Debug|ARM.Deploy.0 = Debug|ARM
		{4255B9D9-2CD8-443F-9151-730E5E910951}.Debug|iPhone.ActiveCfg = Debug|x86
		{4255B9D9-2CD8-443F-9151-730E5E910951}.Debug|iPhoneSimulator.ActiveCfg = Debug|x86
		{4255B9D9-2CD8-443F-9151-730E5E910951}.Debug|x64.ActiveCfg = Debug|x64
		{4255B9D9-2CD8-443F-9151-730E5E910951}.Debug|x64.Build.0 = Debug|x64
		{4255B9D9-2CD8-443F-9151-730E5E910951}.Debug|x64.Deploy.0 = Debug|x64
		{4255B9D9-2CD8-443F-9151-730E5E910951}.Debug|x86.ActiveCfg = Debug|x86
		{4255B9D9-2CD8-443F-9151-730E5E910951}.Debug|x86.Build.0 = Debug|x86
		{4255B9D9-2CD8-443F-9151-730E5E910951}.Debug|x86.Deploy.0 = Debug|x86
		{4255B9D9-2CD8-443F-9151-730E5E910951}.Release|Any CPU.ActiveCfg = Release|x86
		{4255B9D9-2CD8-443F-9151-730E5E910951}.Release|ARM.ActiveCfg = Release|ARM
		{4255B9D9-2CD8-443F-9151-730E5E910951}.Release|ARM.Build.0 = Release|ARM
		{4255B9D9-2CD8-443F-9151-730E5E910951}.Release|ARM.Deploy.0 = Release|ARM
		{4255B9D9-2CD8-443F-9151-730E5E910951}.Release|iPhone.ActiveCfg = Release|x86
		{4255B9D9-2CD8-443F-9151-730E5E910951}.Release|iPhoneSimulator.ActiveCfg = Release|x86
		{4255B9D9-2CD8-443F-9151-730E5E910951}.Release|x64.ActiveCfg = Release|x64
		{4255B9D9-2CD8-443F-9151-730E5E910951}.Release|x64.Build.0 = Release|x64
		{4255B9D9-2CD8-443F-9151-730E5E910951}.Release|x64.Deploy.0 = Release|x64
		{4255B9D9-2CD8-443F-9151-730E5E910951}.Release|x86.ActiveCfg = Release|x86
		{4255B9D9-2CD8-443F-9151-730E5E910951}.Release|x86.Build.0 = Release|x86
		{4255B9D9-2CD8-443F-9151-730E5E910951}.Release|x86.Deploy.0 = Release|x86
		{A4BB68AC-B6CB-4BBA-8C29-0F255DE7BC90}.Ad-Hoc|Any CPU.ActiveCfg = Ad-Hoc|iPhone
		{A4BB68AC-B6CB-4BBA-8C29-0F255DE7BC90}.Ad-Hoc|ARM.ActiveCfg = Ad-Hoc|iPhone
		{A4BB68AC-B6CB-4BBA-8C29-0F255DE7BC90}.Ad-Hoc|iPhone.ActiveCfg = Ad-Hoc|iPhone
		{A4BB68AC-B6CB-4BBA-8C29-0F255DE7BC90}.Ad-Hoc|iPhone.Build.0 = Ad-Hoc|iPhone
		{A4BB68AC-B6CB-4BBA-8C29-0F255DE7BC90}.Ad-Hoc|iPhoneSimulator.ActiveCfg = Ad-Hoc|iPhoneSimulator
		{A4BB68AC-B6CB-4BBA-8C29-0F255DE7BC90}.Ad-Hoc|iPhoneSimulator.Build.0 = Ad-Hoc|iPhoneSimulator
		{A4BB68AC-B6CB-4BBA-8C29-0F255DE7BC90}.Ad-Hoc|x64.ActiveCfg = Ad-Hoc|iPhone
		{A4BB68AC-B6CB-4BBA-8C29-0F255DE7BC90}.Ad-Hoc|x86.ActiveCfg = Ad-Hoc|iPhone
		{A4BB68AC-B6CB-4BBA-8C29-0F255DE7BC90}.AppStore|Any CPU.ActiveCfg = AppStore|iPhone
		{A4BB68AC-B6CB-4BBA-8C29-0F255DE7BC90}.AppStore|ARM.ActiveCfg = AppStore|iPhone
		{A4BB68AC-B6CB-4BBA-8C29-0F255DE7BC90}.AppStore|iPhone.ActiveCfg = AppStore|iPhone
		{A4BB68AC-B6CB-4BBA-8C29-0F255DE7BC90}.AppStore|iPhone.Build.0 = AppStore|iPhone
		{A4BB68AC-B6CB-4BBA-8C29-0F255DE7BC90}.AppStore|iPhoneSimulator.ActiveCfg = AppStore|iPhoneSimulator
		{A4BB68AC-B6CB-4BBA-8C29-0F255DE7BC90}.AppStore|iPhoneSimulator.Build.0 = AppStore|iPhoneSimulator
		{A4BB68AC-B6CB-4BBA-8C29-0F255DE7BC90}.AppStore|x64.ActiveCfg = AppStore|iPhone
		{A4BB68AC-B6CB-4BBA-8C29-0F255DE7BC90}.AppStore|x86.ActiveCfg = AppStore|iPhone
		{A4BB68AC-B6CB-4BBA-8C29-0F255DE7BC90}.Debug|Any CPU.ActiveCfg = Debug|iPhone
		{A4BB68AC-B6CB-4BBA-8C29-0F255DE7BC90}.Debug|ARM.ActiveCfg = Debug|iPhone
		{A4BB68AC-B6CB-4BBA-8C29-0F255DE7BC90}.Debug|iPhone.ActiveCfg = Debug|iPhone
		{A4BB68AC-B6CB-4BBA-8C29-0F255DE7BC90}.Debug|iPhone.Build.0 = Debug|iPhone
		{A4BB68AC-B6CB-4BBA-8C29-0F255DE7BC90}.Debug|iPhoneSimulator.ActiveCfg = Debug|iPhoneSimulator
		{A4BB68AC-B6CB-4BBA-8C29-0F255DE7BC90}.Debug|iPhoneSimulator.Build.0 = Debug|iPhoneSimulator
		{A4BB68AC-B6CB-4BBA-8C29-0F255DE7BC90}.Debug|x64.ActiveCfg = Debug|iPhone
		{A4BB68AC-B6CB-4BBA-8C29-0F255DE7BC90}.Debug|x86.ActiveCfg = Debug|iPhone
		{A4BB68AC-B6CB-4BBA-8C29-0F255DE7BC90}.Release|Any CPU.ActiveCfg = Release|iPhone
		{A4BB68AC-B6CB-4BBA-8C29-0F255DE7BC90}.Release|ARM.ActiveCfg = Release|iPhone
		{A4BB68AC-B6CB-4BBA-8C29-0F255DE7BC90}.Release|iPhone.ActiveCfg = Release|iPhone
		{A4BB68AC-B6CB-4BBA-8C29-0F255DE7BC90}.Release|iPhone.Build.0 = Release|iPhone
		{A4BB68AC-B6CB-4BBA-8C29-0F255DE7BC90}.Release|iPhoneSimulator.ActiveCfg = Release|iPhoneSimulator
		{A4BB68AC-B6CB-4BBA-8C29-0F255DE7BC90}.Release|iPhoneSimulator.Build.0 = Release|iPhoneSimulator
		{A4BB68AC-B6CB-4BBA-8C29-0F255DE7BC90}.Release|x64.ActiveCfg = Release|iPhone
		{A4BB68AC-B6CB-4BBA-8C29-0F255DE7BC90}.Release|x86.ActiveCfg = Release|iPhone
	EndGlobalSection
	GlobalSection(SolutionProperties) = preSolution
		HideSolutionNode = FALSE
	EndGlobalSection
	GlobalSection(ExtensibilityGlobals) = postSolution
		SolutionGuid = {CB310E9E-084D-4811-A208-CA3B045E360C}
	EndGlobalSection
EndGlobal
